{
  "version": 4,
  "terraform_version": "1.1.6",
  "serial": 73,
  "lineage": "01cd5119-6f2c-5f83-5ed3-ff13f3e0caac",
  "outputs": {
    "lb_dns": {
      "value": "wordpress-301786543.us-east-1.elb.amazonaws.com",
      "type": "string"
    }
  },
  "resources": [
    {
      "mode": "data",
      "type": "aws_caller_identity",
      "name": "current",
      "provider": "provider[\"registry.terraform.io/hashicorp/aws\"]",
      "instances": [
        {
          "schema_version": 0,
          "attributes": {
            "account_id": "978244587858",
            "arn": "arn:aws:iam::978244587858:user/cloud_user",
            "id": "978244587858",
            "user_id": "AIDA6HQ7L2FJONSFWLVME"
          },
          "sensitive_attributes": []
        }
      ]
    },
    {
      "mode": "data",
      "type": "aws_iam_policy_document",
      "name": "kms",
      "provider": "provider[\"registry.terraform.io/hashicorp/aws\"]",
      "instances": [
        {
          "schema_version": 0,
          "attributes": {
            "id": "22541427",
            "json": "{\n  \"Version\": \"2012-10-17\",\n  \"Statement\": [\n    {\n      \"Sid\": \"Enable IAM User Permissions\",\n      \"Effect\": \"Allow\",\n      \"Action\": \"kms:*\",\n      \"Resource\": \"*\",\n      \"Principal\": {\n        \"AWS\": \"arn:aws:iam::978244587858:root\"\n      }\n    },\n    {\n      \"Sid\": \"\",\n      \"Effect\": \"Allow\",\n      \"Action\": [\n        \"kms:ReEncrypt*\",\n        \"kms:GenerateDataKey*\",\n        \"kms:Encrypt*\",\n        \"kms:Describe*\",\n        \"kms:Decrypt*\"\n      ],\n      \"Resource\": \"*\",\n      \"Principal\": {\n        \"Service\": \"logs.us-east-1.amazonaws.com\"\n      },\n      \"Condition\": {\n        \"ArnLike\": {\n          \"kms:EncryptionContext:aws:logs:arn\": \"arn:aws:logs:us-east-1:978244587858:*\"\n        }\n      }\n    }\n  ]\n}",
            "override_json": null,
            "override_policy_documents": null,
            "policy_id": null,
            "source_json": null,
            "source_policy_documents": null,
            "statement": [
              {
                "actions": [
                  "kms:*"
                ],
                "condition": [],
                "effect": "Allow",
                "not_actions": [],
                "not_principals": [],
                "not_resources": [],
                "principals": [
                  {
                    "identifiers": [
                      "arn:aws:iam::978244587858:root"
                    ],
                    "type": "AWS"
                  }
                ],
                "resources": [
                  "*"
                ],
                "sid": "Enable IAM User Permissions"
              },
              {
                "actions": [
                  "kms:Decrypt*",
                  "kms:Describe*",
                  "kms:Encrypt*",
                  "kms:GenerateDataKey*",
                  "kms:ReEncrypt*"
                ],
                "condition": [
                  {
                    "test": "ArnLike",
                    "values": [
                      "arn:aws:logs:us-east-1:978244587858:*"
                    ],
                    "variable": "kms:EncryptionContext:aws:logs:arn"
                  }
                ],
                "effect": "Allow",
                "not_actions": [],
                "not_principals": [],
                "not_resources": [],
                "principals": [
                  {
                    "identifiers": [
                      "logs.us-east-1.amazonaws.com"
                    ],
                    "type": "Service"
                  }
                ],
                "resources": [
                  "*"
                ],
                "sid": ""
              }
            ],
            "version": "2012-10-17"
          },
          "sensitive_attributes": []
        }
      ]
    },
    {
      "mode": "data",
      "type": "aws_rds_engine_version",
      "name": "rds_engine_version",
      "provider": "provider[\"registry.terraform.io/hashicorp/aws\"]",
      "instances": [
        {
          "schema_version": 0,
          "attributes": {
            "default_character_set": null,
            "default_only": null,
            "engine": "aurora-mysql",
            "engine_description": "Aurora MySQL",
            "exportable_log_types": [
              "audit",
              "error",
              "general",
              "slowquery"
            ],
            "filter": null,
            "id": "5.7.mysql_aurora.2.10.2",
            "include_all": null,
            "parameter_group_family": "aurora-mysql5.7",
            "preferred_versions": null,
            "status": "available",
            "supported_character_sets": [],
            "supported_feature_names": [],
            "supported_modes": [
              "provisioned"
            ],
            "supported_timezones": [],
            "supports_global_databases": true,
            "supports_log_exports_to_cloudwatch": true,
            "supports_parallel_query": true,
            "supports_read_replica": false,
            "valid_upgrade_targets": [
              "5.7.mysql_aurora.2.10.3",
              "5.7.mysql_aurora.2.11.0",
              "8.0.mysql_aurora.3.01.1",
              "8.0.mysql_aurora.3.02.0",
              "8.0.mysql_aurora.3.02.2"
            ],
            "version": "5.7.mysql_aurora.2.10.2",
            "version_description": "Aurora (MySQL 5.7) 2.10.2"
          },
          "sensitive_attributes": []
        }
      ]
    },
    {
      "mode": "data",
      "type": "aws_region",
      "name": "current",
      "provider": "provider[\"registry.terraform.io/hashicorp/aws\"]",
      "instances": [
        {
          "schema_version": 0,
          "attributes": {
            "description": "US East (N. Virginia)",
            "endpoint": "ec2.us-east-1.amazonaws.com",
            "id": "us-east-1",
            "name": "us-east-1"
          },
          "sensitive_attributes": []
        }
      ]
    },
    {
      "mode": "data",
      "type": "aws_subnet",
      "name": "ecs_service_subnet_ids",
      "provider": "provider[\"registry.terraform.io/hashicorp/aws\"]",
      "instances": [
        {
          "schema_version": 0,
          "attributes": {
            "arn": "arn:aws:ec2:us-east-1:978244587858:subnet/subnet-077289770ac6e1a8e",
            "assign_ipv6_address_on_creation": false,
            "availability_zone": "us-east-1a",
            "availability_zone_id": "use1-az1",
            "available_ip_address_count": 251,
            "cidr_block": "10.0.2.0/24",
            "customer_owned_ipv4_pool": "",
            "default_for_az": false,
            "enable_dns64": false,
            "enable_resource_name_dns_a_record_on_launch": false,
            "enable_resource_name_dns_aaaa_record_on_launch": false,
            "filter": null,
            "id": "subnet-077289770ac6e1a8e",
            "ipv6_cidr_block": "",
            "ipv6_cidr_block_association_id": "",
            "ipv6_native": false,
            "map_customer_owned_ip_on_launch": false,
            "map_public_ip_on_launch": false,
            "outpost_arn": "",
            "owner_id": "978244587858",
            "private_dns_hostname_type_on_launch": "ip-name",
            "state": "available",
            "tags": {
              "Name": "wordpress-private-us-east-1a"
            },
            "timeouts": null,
            "vpc_id": "vpc-0f48effbd2f459a06"
          },
          "sensitive_attributes": []
        }
      ]
    },
    {
      "mode": "managed",
      "type": "aws_cloudwatch_log_group",
      "name": "wordpress",
      "provider": "provider[\"registry.terraform.io/hashicorp/aws\"]",
      "instances": [
        {
          "schema_version": 0,
          "attributes": {
            "arn": "arn:aws:logs:us-east-1:978244587858:log-group:wordpress-log-group",
            "id": "wordpress-log-group",
            "kms_key_id": "arn:aws:kms:us-east-1:978244587858:key/33e86a78-89d8-47fc-b2fd-21198702873b",
            "name": "wordpress-log-group",
            "name_prefix": "",
            "retention_in_days": 14,
            "skip_destroy": false,
            "tags": {
              "Name": "wordpress-log-group"
            },
            "tags_all": {
              "Name": "wordpress-log-group"
            }
          },
          "sensitive_attributes": [],
          "private": "bnVsbA==",
          "dependencies": [
            "aws_kms_key.wordpress",
            "data.aws_iam_policy_document.kms"
          ]
        }
      ]
    },
    {
      "mode": "managed",
      "type": "aws_kms_alias",
      "name": "wordpress",
      "provider": "provider[\"registry.terraform.io/hashicorp/aws\"]",
      "instances": [
        {
          "schema_version": 0,
          "attributes": {
            "arn": "arn:aws:kms:us-east-1:978244587858:alias/wordpress",
            "id": "alias/wordpress",
            "name": "alias/wordpress",
            "name_prefix": "",
            "target_key_arn": "arn:aws:kms:us-east-1:978244587858:key/33e86a78-89d8-47fc-b2fd-21198702873b",
            "target_key_id": "33e86a78-89d8-47fc-b2fd-21198702873b"
          },
          "sensitive_attributes": [],
          "private": "bnVsbA==",
          "dependencies": [
            "aws_kms_key.wordpress",
            "data.aws_iam_policy_document.kms"
          ]
        }
      ]
    },
    {
      "mode": "managed",
      "type": "aws_kms_key",
      "name": "wordpress",
      "provider": "provider[\"registry.terraform.io/hashicorp/aws\"]",
      "instances": [
        {
          "schema_version": 0,
          "attributes": {
            "arn": "arn:aws:kms:us-east-1:978244587858:key/33e86a78-89d8-47fc-b2fd-21198702873b",
            "bypass_policy_lockout_safety_check": false,
            "custom_key_store_id": "",
            "customer_master_key_spec": "SYMMETRIC_DEFAULT",
            "deletion_window_in_days": 7,
            "description": "KMS Key used to encrypt Wordpress related resources",
            "enable_key_rotation": true,
            "id": "33e86a78-89d8-47fc-b2fd-21198702873b",
            "is_enabled": true,
            "key_id": "33e86a78-89d8-47fc-b2fd-21198702873b",
            "key_usage": "ENCRYPT_DECRYPT",
            "multi_region": false,
            "policy": "{\"Statement\":[{\"Action\":\"kms:*\",\"Effect\":\"Allow\",\"Principal\":{\"AWS\":\"arn:aws:iam::978244587858:root\"},\"Resource\":\"*\",\"Sid\":\"Enable IAM User Permissions\"},{\"Action\":[\"kms:ReEncrypt*\",\"kms:GenerateDataKey*\",\"kms:Encrypt*\",\"kms:Describe*\",\"kms:Decrypt*\"],\"Condition\":{\"ArnLike\":{\"kms:EncryptionContext:aws:logs:arn\":\"arn:aws:logs:us-east-1:978244587858:*\"}},\"Effect\":\"Allow\",\"Principal\":{\"Service\":\"logs.us-east-1.amazonaws.com\"},\"Resource\":\"*\",\"Sid\":\"\"}],\"Version\":\"2012-10-17\"}",
            "tags": {
              "Name": "wordpress-kms"
            },
            "tags_all": {
              "Name": "wordpress-kms"
            }
          },
          "sensitive_attributes": [],
          "private": "bnVsbA==",
          "dependencies": [
            "data.aws_iam_policy_document.kms"
          ]
        }
      ]
    },
    {
      "mode": "managed",
      "type": "aws_secretsmanager_secret",
      "name": "wordpress",
      "provider": "provider[\"registry.terraform.io/hashicorp/aws\"]",
      "instances": [
        {
          "schema_version": 0,
          "attributes": {
            "arn": "arn:aws:secretsmanager:us-east-1:978244587858:secret:wordpress20230210165828349900000001-XxAFfV",
            "description": "Secrets for ECS Wordpress",
            "force_overwrite_replica_secret": false,
            "id": "arn:aws:secretsmanager:us-east-1:978244587858:secret:wordpress20230210165828349900000001-XxAFfV",
            "kms_key_id": "33e86a78-89d8-47fc-b2fd-21198702873b",
            "name": "wordpress20230210165828349900000001",
            "name_prefix": "wordpress",
            "policy": "",
            "recovery_window_in_days": 30,
            "replica": [],
            "rotation_enabled": false,
            "rotation_lambda_arn": "",
            "rotation_rules": [],
            "tags": {
              "Name": "wordpress-secret-manager"
            },
            "tags_all": {
              "Name": "wordpress-secret-manager"
            }
          },
          "sensitive_attributes": [],
          "private": "bnVsbA==",
          "dependencies": [
            "aws_kms_key.wordpress",
            "data.aws_iam_policy_document.kms"
          ]
        }
      ]
    },
    {
      "mode": "managed",
      "type": "aws_secretsmanager_secret_version",
      "name": "wordpress",
      "provider": "provider[\"registry.terraform.io/hashicorp/aws\"]",
      "instances": [
        {
          "schema_version": 0,
          "attributes": {
            "arn": "arn:aws:secretsmanager:us-east-1:978244587858:secret:wordpress20230210165828349900000001-XxAFfV",
            "id": "arn:aws:secretsmanager:us-east-1:978244587858:secret:wordpress20230210165828349900000001-XxAFfV|99875651-F31C-4EC9-AD49-3A278A31F431",
            "secret_binary": "",
            "secret_id": "arn:aws:secretsmanager:us-east-1:978244587858:secret:wordpress20230210165828349900000001-XxAFfV",
            "secret_string": "{\"WORDPRESS_DB_HOST\":\"wordpress.cluster-c1j6msw5gk6k.us-east-1.rds.amazonaws.com\",\"WORDPRESS_DB_NAME\":\"wordpress\",\"WORDPRESS_DB_PASSWORD\":\"Ojk2ajGtxZAxbNxr\",\"WORDPRESS_DB_USER\":\"admin\"}",
            "version_id": "99875651-F31C-4EC9-AD49-3A278A31F431",
            "version_stages": [
              "AWSCURRENT"
            ]
          },
          "sensitive_attributes": [
            [
              {
                "type": "get_attr",
                "value": "secret_string"
              }
            ]
          ],
          "private": "bnVsbA==",
          "dependencies": [
            "aws_kms_key.wordpress",
            "aws_secretsmanager_secret.wordpress",
            "aws_security_group.rds_cluster",
            "data.aws_iam_policy_document.kms",
            "data.aws_rds_engine_version.rds_engine_version",
            "data.aws_subnet.ecs_service_subnet_ids",
            "module.rds.aws_db_subnet_group.db",
            "module.rds.aws_rds_cluster.wordpress",
            "module.vpc.aws_subnet.database",
            "module.vpc.aws_subnet.private",
            "module.vpc.aws_vpc.this",
            "module.vpc.aws_vpc_ipv4_cidr_block_association.this",
            "random_password.db_password"
          ]
        }
      ]
    },
    {
      "mode": "managed",
      "type": "aws_security_group",
      "name": "ecs_service",
      "provider": "provider[\"registry.terraform.io/hashicorp/aws\"]",
      "instances": [
        {
          "schema_version": 1,
          "attributes": {
            "arn": "arn:aws:ec2:us-east-1:978244587858:security-group/sg-02a2a60c44bc5afc4",
            "description": "wordpress ecs service",
            "egress": [],
            "id": "sg-02a2a60c44bc5afc4",
            "ingress": [],
            "name": "wordpress-ecs-service",
            "name_prefix": "",
            "owner_id": "978244587858",
            "revoke_rules_on_delete": false,
            "tags": null,
            "tags_all": {},
            "timeouts": null,
            "vpc_id": "vpc-0f48effbd2f459a06"
          },
          "sensitive_attributes": [],
          "private": "eyJlMmJmYjczMC1lY2FhLTExZTYtOGY4OC0zNDM2M2JjN2M0YzAiOnsiY3JlYXRlIjo2MDAwMDAwMDAwMDAsImRlbGV0ZSI6OTAwMDAwMDAwMDAwfSwic2NoZW1hX3ZlcnNpb24iOiIxIn0=",
          "dependencies": [
            "data.aws_subnet.ecs_service_subnet_ids",
            "module.vpc.aws_subnet.private",
            "module.vpc.aws_vpc.this",
            "module.vpc.aws_vpc_ipv4_cidr_block_association.this"
          ]
        }
      ]
    },
    {
      "mode": "managed",
      "type": "aws_security_group",
      "name": "efs_service",
      "provider": "provider[\"registry.terraform.io/hashicorp/aws\"]",
      "instances": [
        {
          "schema_version": 1,
          "attributes": {
            "arn": "arn:aws:ec2:us-east-1:978244587858:security-group/sg-00f37a0167a9a8584",
            "description": "wordpress-efs-service",
            "egress": [],
            "id": "sg-00f37a0167a9a8584",
            "ingress": [],
            "name": "wordpress-efs-service",
            "name_prefix": "",
            "owner_id": "978244587858",
            "revoke_rules_on_delete": false,
            "tags": null,
            "tags_all": {},
            "timeouts": null,
            "vpc_id": "vpc-0f48effbd2f459a06"
          },
          "sensitive_attributes": [],
          "private": "eyJlMmJmYjczMC1lY2FhLTExZTYtOGY4OC0zNDM2M2JjN2M0YzAiOnsiY3JlYXRlIjo2MDAwMDAwMDAwMDAsImRlbGV0ZSI6OTAwMDAwMDAwMDAwfSwic2NoZW1hX3ZlcnNpb24iOiIxIn0=",
          "dependencies": [
            "data.aws_subnet.ecs_service_subnet_ids",
            "module.vpc.aws_subnet.private",
            "module.vpc.aws_vpc.this",
            "module.vpc.aws_vpc_ipv4_cidr_block_association.this"
          ]
        }
      ]
    },
    {
      "mode": "managed",
      "type": "aws_security_group",
      "name": "lb_service",
      "provider": "provider[\"registry.terraform.io/hashicorp/aws\"]",
      "instances": [
        {
          "schema_version": 1,
          "attributes": {
            "arn": "arn:aws:ec2:us-east-1:978244587858:security-group/sg-0102acf0d13e5b6aa",
            "description": "wordpress lb service",
            "egress": [],
            "id": "sg-0102acf0d13e5b6aa",
            "ingress": [],
            "name": "wordpress-lb-service",
            "name_prefix": "",
            "owner_id": "978244587858",
            "revoke_rules_on_delete": false,
            "tags": null,
            "tags_all": {},
            "timeouts": null,
            "vpc_id": "vpc-0f48effbd2f459a06"
          },
          "sensitive_attributes": [],
          "private": "eyJlMmJmYjczMC1lY2FhLTExZTYtOGY4OC0zNDM2M2JjN2M0YzAiOnsiY3JlYXRlIjo2MDAwMDAwMDAwMDAsImRlbGV0ZSI6OTAwMDAwMDAwMDAwfSwic2NoZW1hX3ZlcnNpb24iOiIxIn0=",
          "dependencies": [
            "data.aws_subnet.ecs_service_subnet_ids",
            "module.vpc.aws_subnet.private",
            "module.vpc.aws_vpc.this",
            "module.vpc.aws_vpc_ipv4_cidr_block_association.this"
          ]
        }
      ]
    },
    {
      "mode": "managed",
      "type": "aws_security_group",
      "name": "rds_cluster",
      "provider": "provider[\"registry.terraform.io/hashicorp/aws\"]",
      "instances": [
        {
          "schema_version": 1,
          "attributes": {
            "arn": "arn:aws:ec2:us-east-1:978244587858:security-group/sg-01efef26b08a804df",
            "description": "wordpress rds service",
            "egress": [],
            "id": "sg-01efef26b08a804df",
            "ingress": [],
            "name": "wordpress-rds-service",
            "name_prefix": "",
            "owner_id": "978244587858",
            "revoke_rules_on_delete": false,
            "tags": null,
            "tags_all": {},
            "timeouts": null,
            "vpc_id": "vpc-0f48effbd2f459a06"
          },
          "sensitive_attributes": [],
          "private": "eyJlMmJmYjczMC1lY2FhLTExZTYtOGY4OC0zNDM2M2JjN2M0YzAiOnsiY3JlYXRlIjo2MDAwMDAwMDAwMDAsImRlbGV0ZSI6OTAwMDAwMDAwMDAwfSwic2NoZW1hX3ZlcnNpb24iOiIxIn0=",
          "dependencies": [
            "data.aws_subnet.ecs_service_subnet_ids",
            "module.vpc.aws_subnet.private",
            "module.vpc.aws_vpc.this",
            "module.vpc.aws_vpc_ipv4_cidr_block_association.this"
          ]
        }
      ]
    },
    {
      "mode": "managed",
      "type": "aws_security_group_rule",
      "name": "ecs_service_egress_efs_tcp",
      "provider": "provider[\"registry.terraform.io/hashicorp/aws\"]",
      "instances": [
        {
          "schema_version": 2,
          "attributes": {
            "cidr_blocks": null,
            "description": "efs",
            "from_port": 2049,
            "id": "sgrule-1089351222",
            "ipv6_cidr_blocks": null,
            "prefix_list_ids": null,
            "protocol": "tcp",
            "security_group_id": "sg-02a2a60c44bc5afc4",
            "security_group_rule_id": "sgr-0625685ca1fe0c62b",
            "self": false,
            "source_security_group_id": "sg-00f37a0167a9a8584",
            "timeouts": null,
            "to_port": 2049,
            "type": "egress"
          },
          "sensitive_attributes": [],
          "private": "eyJlMmJmYjczMC1lY2FhLTExZTYtOGY4OC0zNDM2M2JjN2M0YzAiOnsiY3JlYXRlIjozMDAwMDAwMDAwMDB9LCJzY2hlbWFfdmVyc2lvbiI6IjIifQ==",
          "dependencies": [
            "aws_security_group.ecs_service",
            "aws_security_group.efs_service",
            "data.aws_subnet.ecs_service_subnet_ids",
            "module.vpc.aws_subnet.private",
            "module.vpc.aws_vpc.this",
            "module.vpc.aws_vpc_ipv4_cidr_block_association.this"
          ]
        }
      ]
    },
    {
      "mode": "managed",
      "type": "aws_security_group_rule",
      "name": "ecs_service_egress_http",
      "provider": "provider[\"registry.terraform.io/hashicorp/aws\"]",
      "instances": [
        {
          "schema_version": 2,
          "attributes": {
            "cidr_blocks": [
              "0.0.0.0/0"
            ],
            "description": "http to internet",
            "from_port": 80,
            "id": "sgrule-1973914983",
            "ipv6_cidr_blocks": null,
            "prefix_list_ids": null,
            "protocol": "tcp",
            "security_group_id": "sg-02a2a60c44bc5afc4",
            "security_group_rule_id": "sgr-0903da5ea7824c916",
            "self": false,
            "source_security_group_id": null,
            "timeouts": null,
            "to_port": 80,
            "type": "egress"
          },
          "sensitive_attributes": [],
          "private": "eyJlMmJmYjczMC1lY2FhLTExZTYtOGY4OC0zNDM2M2JjN2M0YzAiOnsiY3JlYXRlIjozMDAwMDAwMDAwMDB9LCJzY2hlbWFfdmVyc2lvbiI6IjIifQ==",
          "dependencies": [
            "aws_security_group.ecs_service",
            "data.aws_subnet.ecs_service_subnet_ids",
            "module.vpc.aws_subnet.private",
            "module.vpc.aws_vpc.this",
            "module.vpc.aws_vpc_ipv4_cidr_block_association.this"
          ]
        }
      ]
    },
    {
      "mode": "managed",
      "type": "aws_security_group_rule",
      "name": "ecs_service_egress_https",
      "provider": "provider[\"registry.terraform.io/hashicorp/aws\"]",
      "instances": [
        {
          "schema_version": 2,
          "attributes": {
            "cidr_blocks": [
              "0.0.0.0/0"
            ],
            "description": "https to internet",
            "from_port": 443,
            "id": "sgrule-1087627367",
            "ipv6_cidr_blocks": null,
            "prefix_list_ids": null,
            "protocol": "tcp",
            "security_group_id": "sg-02a2a60c44bc5afc4",
            "security_group_rule_id": "sgr-09f67c5575407707b",
            "self": false,
            "source_security_group_id": null,
            "timeouts": null,
            "to_port": 443,
            "type": "egress"
          },
          "sensitive_attributes": [],
          "private": "eyJlMmJmYjczMC1lY2FhLTExZTYtOGY4OC0zNDM2M2JjN2M0YzAiOnsiY3JlYXRlIjozMDAwMDAwMDAwMDB9LCJzY2hlbWFfdmVyc2lvbiI6IjIifQ==",
          "dependencies": [
            "aws_security_group.ecs_service",
            "data.aws_subnet.ecs_service_subnet_ids",
            "module.vpc.aws_subnet.private",
            "module.vpc.aws_vpc.this",
            "module.vpc.aws_vpc_ipv4_cidr_block_association.this"
          ]
        }
      ]
    },
    {
      "mode": "managed",
      "type": "aws_security_group_rule",
      "name": "ecs_service_egress_mysql",
      "provider": "provider[\"registry.terraform.io/hashicorp/aws\"]",
      "instances": [
        {
          "schema_version": 2,
          "attributes": {
            "cidr_blocks": null,
            "description": "mysql",
            "from_port": 3306,
            "id": "sgrule-759924215",
            "ipv6_cidr_blocks": null,
            "prefix_list_ids": null,
            "protocol": "tcp",
            "security_group_id": "sg-02a2a60c44bc5afc4",
            "security_group_rule_id": "sgr-0b56dc1b332ad61e8",
            "self": false,
            "source_security_group_id": "sg-01efef26b08a804df",
            "timeouts": null,
            "to_port": 3306,
            "type": "egress"
          },
          "sensitive_attributes": [],
          "private": "eyJlMmJmYjczMC1lY2FhLTExZTYtOGY4OC0zNDM2M2JjN2M0YzAiOnsiY3JlYXRlIjozMDAwMDAwMDAwMDB9LCJzY2hlbWFfdmVyc2lvbiI6IjIifQ==",
          "dependencies": [
            "aws_security_group.ecs_service",
            "aws_security_group.rds_cluster",
            "data.aws_subnet.ecs_service_subnet_ids",
            "module.vpc.aws_subnet.private",
            "module.vpc.aws_vpc.this",
            "module.vpc.aws_vpc_ipv4_cidr_block_association.this"
          ]
        }
      ]
    },
    {
      "mode": "managed",
      "type": "aws_security_group_rule",
      "name": "ecs_service_ingress_http",
      "provider": "provider[\"registry.terraform.io/hashicorp/aws\"]",
      "instances": [
        {
          "schema_version": 2,
          "attributes": {
            "cidr_blocks": null,
            "description": "http from load balancer",
            "from_port": 80,
            "id": "sgrule-3840297885",
            "ipv6_cidr_blocks": null,
            "prefix_list_ids": null,
            "protocol": "tcp",
            "security_group_id": "sg-02a2a60c44bc5afc4",
            "security_group_rule_id": "sgr-0ffbc8671bdaac302",
            "self": false,
            "source_security_group_id": "sg-0102acf0d13e5b6aa",
            "timeouts": null,
            "to_port": 80,
            "type": "ingress"
          },
          "sensitive_attributes": [],
          "private": "eyJlMmJmYjczMC1lY2FhLTExZTYtOGY4OC0zNDM2M2JjN2M0YzAiOnsiY3JlYXRlIjozMDAwMDAwMDAwMDB9LCJzY2hlbWFfdmVyc2lvbiI6IjIifQ==",
          "dependencies": [
            "aws_security_group.ecs_service",
            "aws_security_group.lb_service",
            "data.aws_subnet.ecs_service_subnet_ids",
            "module.vpc.aws_subnet.private",
            "module.vpc.aws_vpc.this",
            "module.vpc.aws_vpc_ipv4_cidr_block_association.this"
          ]
        }
      ]
    },
    {
      "mode": "managed",
      "type": "aws_security_group_rule",
      "name": "ecs_service_ingress_https",
      "provider": "provider[\"registry.terraform.io/hashicorp/aws\"]",
      "instances": [
        {
          "schema_version": 2,
          "attributes": {
            "cidr_blocks": null,
            "description": "https from load balancer",
            "from_port": 443,
            "id": "sgrule-2453294710",
            "ipv6_cidr_blocks": null,
            "prefix_list_ids": null,
            "protocol": "tcp",
            "security_group_id": "sg-02a2a60c44bc5afc4",
            "security_group_rule_id": "sgr-02b6cc274df9d015e",
            "self": false,
            "source_security_group_id": "sg-0102acf0d13e5b6aa",
            "timeouts": null,
            "to_port": 443,
            "type": "ingress"
          },
          "sensitive_attributes": [],
          "private": "eyJlMmJmYjczMC1lY2FhLTExZTYtOGY4OC0zNDM2M2JjN2M0YzAiOnsiY3JlYXRlIjozMDAwMDAwMDAwMDB9LCJzY2hlbWFfdmVyc2lvbiI6IjIifQ==",
          "dependencies": [
            "aws_security_group.ecs_service",
            "aws_security_group.lb_service",
            "data.aws_subnet.ecs_service_subnet_ids",
            "module.vpc.aws_subnet.private",
            "module.vpc.aws_vpc.this",
            "module.vpc.aws_vpc_ipv4_cidr_block_association.this"
          ]
        }
      ]
    },
    {
      "mode": "managed",
      "type": "aws_security_group_rule",
      "name": "efs_service_ingress_nfs_tcp",
      "provider": "provider[\"registry.terraform.io/hashicorp/aws\"]",
      "instances": [
        {
          "schema_version": 2,
          "attributes": {
            "cidr_blocks": null,
            "description": "nfs from efs",
            "from_port": 2049,
            "id": "sgrule-2081537255",
            "ipv6_cidr_blocks": null,
            "prefix_list_ids": null,
            "protocol": "tcp",
            "security_group_id": "sg-00f37a0167a9a8584",
            "security_group_rule_id": "sgr-03a3aed2e300c667a",
            "self": false,
            "source_security_group_id": "sg-02a2a60c44bc5afc4",
            "timeouts": null,
            "to_port": 2049,
            "type": "ingress"
          },
          "sensitive_attributes": [],
          "private": "eyJlMmJmYjczMC1lY2FhLTExZTYtOGY4OC0zNDM2M2JjN2M0YzAiOnsiY3JlYXRlIjozMDAwMDAwMDAwMDB9LCJzY2hlbWFfdmVyc2lvbiI6IjIifQ==",
          "dependencies": [
            "aws_security_group.ecs_service",
            "aws_security_group.efs_service",
            "data.aws_subnet.ecs_service_subnet_ids",
            "module.vpc.aws_subnet.private",
            "module.vpc.aws_vpc.this",
            "module.vpc.aws_vpc_ipv4_cidr_block_association.this"
          ]
        }
      ]
    },
    {
      "mode": "managed",
      "type": "aws_security_group_rule",
      "name": "lb_service_egress_http",
      "provider": "provider[\"registry.terraform.io/hashicorp/aws\"]",
      "instances": [
        {
          "schema_version": 2,
          "attributes": {
            "cidr_blocks": null,
            "description": "http",
            "from_port": 80,
            "id": "sgrule-1321798763",
            "ipv6_cidr_blocks": null,
            "prefix_list_ids": null,
            "protocol": "tcp",
            "security_group_id": "sg-0102acf0d13e5b6aa",
            "security_group_rule_id": "sgr-002e4e25a7e93040f",
            "self": false,
            "source_security_group_id": "sg-02a2a60c44bc5afc4",
            "timeouts": null,
            "to_port": 80,
            "type": "egress"
          },
          "sensitive_attributes": [],
          "private": "eyJlMmJmYjczMC1lY2FhLTExZTYtOGY4OC0zNDM2M2JjN2M0YzAiOnsiY3JlYXRlIjozMDAwMDAwMDAwMDB9LCJzY2hlbWFfdmVyc2lvbiI6IjIifQ==",
          "dependencies": [
            "aws_security_group.ecs_service",
            "aws_security_group.lb_service",
            "data.aws_subnet.ecs_service_subnet_ids",
            "module.vpc.aws_subnet.private",
            "module.vpc.aws_vpc.this",
            "module.vpc.aws_vpc_ipv4_cidr_block_association.this"
          ]
        }
      ]
    },
    {
      "mode": "managed",
      "type": "aws_security_group_rule",
      "name": "lb_service_egress_https",
      "provider": "provider[\"registry.terraform.io/hashicorp/aws\"]",
      "instances": [
        {
          "schema_version": 2,
          "attributes": {
            "cidr_blocks": null,
            "description": "https",
            "from_port": 443,
            "id": "sgrule-1156294736",
            "ipv6_cidr_blocks": null,
            "prefix_list_ids": null,
            "protocol": "tcp",
            "security_group_id": "sg-0102acf0d13e5b6aa",
            "security_group_rule_id": "sgr-03739883ab9055961",
            "self": false,
            "source_security_group_id": "sg-02a2a60c44bc5afc4",
            "timeouts": null,
            "to_port": 443,
            "type": "egress"
          },
          "sensitive_attributes": [],
          "private": "eyJlMmJmYjczMC1lY2FhLTExZTYtOGY4OC0zNDM2M2JjN2M0YzAiOnsiY3JlYXRlIjozMDAwMDAwMDAwMDB9LCJzY2hlbWFfdmVyc2lvbiI6IjIifQ==",
          "dependencies": [
            "aws_security_group.ecs_service",
            "aws_security_group.lb_service",
            "data.aws_subnet.ecs_service_subnet_ids",
            "module.vpc.aws_subnet.private",
            "module.vpc.aws_vpc.this",
            "module.vpc.aws_vpc_ipv4_cidr_block_association.this"
          ]
        }
      ]
    },
    {
      "mode": "managed",
      "type": "aws_security_group_rule",
      "name": "lb_service_ingress_http",
      "provider": "provider[\"registry.terraform.io/hashicorp/aws\"]",
      "instances": [
        {
          "schema_version": 2,
          "attributes": {
            "cidr_blocks": [
              "0.0.0.0/0"
            ],
            "description": "http",
            "from_port": 80,
            "id": "sgrule-526960620",
            "ipv6_cidr_blocks": null,
            "prefix_list_ids": null,
            "protocol": "tcp",
            "security_group_id": "sg-0102acf0d13e5b6aa",
            "security_group_rule_id": "sgr-0b2e741aa79a2dfe9",
            "self": false,
            "source_security_group_id": null,
            "timeouts": null,
            "to_port": 80,
            "type": "ingress"
          },
          "sensitive_attributes": [],
          "private": "eyJlMmJmYjczMC1lY2FhLTExZTYtOGY4OC0zNDM2M2JjN2M0YzAiOnsiY3JlYXRlIjozMDAwMDAwMDAwMDB9LCJzY2hlbWFfdmVyc2lvbiI6IjIifQ==",
          "dependencies": [
            "aws_security_group.lb_service",
            "data.aws_subnet.ecs_service_subnet_ids",
            "module.vpc.aws_subnet.private",
            "module.vpc.aws_vpc.this",
            "module.vpc.aws_vpc_ipv4_cidr_block_association.this"
          ]
        }
      ]
    },
    {
      "mode": "managed",
      "type": "aws_security_group_rule",
      "name": "lb_service_ingress_https",
      "provider": "provider[\"registry.terraform.io/hashicorp/aws\"]",
      "instances": [
        {
          "schema_version": 2,
          "attributes": {
            "cidr_blocks": [
              "0.0.0.0/0"
            ],
            "description": "http",
            "from_port": 443,
            "id": "sgrule-1374197353",
            "ipv6_cidr_blocks": null,
            "prefix_list_ids": null,
            "protocol": "tcp",
            "security_group_id": "sg-0102acf0d13e5b6aa",
            "security_group_rule_id": "sgr-019ebfa93944087fb",
            "self": false,
            "source_security_group_id": null,
            "timeouts": null,
            "to_port": 443,
            "type": "ingress"
          },
          "sensitive_attributes": [],
          "private": "eyJlMmJmYjczMC1lY2FhLTExZTYtOGY4OC0zNDM2M2JjN2M0YzAiOnsiY3JlYXRlIjozMDAwMDAwMDAwMDB9LCJzY2hlbWFfdmVyc2lvbiI6IjIifQ==",
          "dependencies": [
            "aws_security_group.lb_service",
            "data.aws_subnet.ecs_service_subnet_ids",
            "module.vpc.aws_subnet.private",
            "module.vpc.aws_vpc.this",
            "module.vpc.aws_vpc_ipv4_cidr_block_association.this"
          ]
        }
      ]
    },
    {
      "mode": "managed",
      "type": "aws_security_group_rule",
      "name": "rds_cluster_ingress_mysql",
      "provider": "provider[\"registry.terraform.io/hashicorp/aws\"]",
      "instances": [
        {
          "schema_version": 2,
          "attributes": {
            "cidr_blocks": null,
            "description": "mysql",
            "from_port": 3306,
            "id": "sgrule-2770780517",
            "ipv6_cidr_blocks": null,
            "prefix_list_ids": null,
            "protocol": "tcp",
            "security_group_id": "sg-01efef26b08a804df",
            "security_group_rule_id": "sgr-037ade55a9ae5dfee",
            "self": false,
            "source_security_group_id": "sg-02a2a60c44bc5afc4",
            "timeouts": null,
            "to_port": 3306,
            "type": "ingress"
          },
          "sensitive_attributes": [],
          "private": "eyJlMmJmYjczMC1lY2FhLTExZTYtOGY4OC0zNDM2M2JjN2M0YzAiOnsiY3JlYXRlIjozMDAwMDAwMDAwMDB9LCJzY2hlbWFfdmVyc2lvbiI6IjIifQ==",
          "dependencies": [
            "aws_security_group.ecs_service",
            "aws_security_group.rds_cluster",
            "data.aws_subnet.ecs_service_subnet_ids",
            "module.vpc.aws_subnet.private",
            "module.vpc.aws_vpc.this",
            "module.vpc.aws_vpc_ipv4_cidr_block_association.this"
          ]
        }
      ]
    },
    {
      "mode": "managed",
      "type": "random_password",
      "name": "db_password",
      "provider": "provider[\"registry.terraform.io/hashicorp/random\"]",
      "instances": [
        {
          "schema_version": 3,
          "attributes": {
            "bcrypt_hash": "$2a$10$Y5qsGEqsVrQHE9H9btk5GeThjMS/Jp3r8DQGuvzXFRHJIhdfrw7eG",
            "id": "none",
            "keepers": null,
            "length": 16,
            "lower": true,
            "min_lower": 0,
            "min_numeric": 0,
            "min_special": 0,
            "min_upper": 0,
            "number": true,
            "numeric": true,
            "override_special": null,
            "result": "Ojk2ajGtxZAxbNxr",
            "special": false,
            "upper": true
          },
          "sensitive_attributes": []
        }
      ]
    },
    {
      "module": "module.alb",
      "mode": "managed",
      "type": "aws_lb",
      "name": "wordpress",
      "provider": "provider[\"registry.terraform.io/hashicorp/aws\"]",
      "instances": [
        {
          "schema_version": 0,
          "attributes": {
            "access_logs": [
              {
                "bucket": "",
                "enabled": false,
                "prefix": ""
              }
            ],
            "arn": "arn:aws:elasticloadbalancing:us-east-1:978244587858:loadbalancer/app/wordpress/55094e5c51ce9713",
            "arn_suffix": "app/wordpress/55094e5c51ce9713",
            "customer_owned_ipv4_pool": "",
            "desync_mitigation_mode": "defensive",
            "dns_name": "wordpress-301786543.us-east-1.elb.amazonaws.com",
            "drop_invalid_header_fields": false,
            "enable_cross_zone_load_balancing": true,
            "enable_deletion_protection": false,
            "enable_http2": true,
            "enable_waf_fail_open": false,
            "id": "arn:aws:elasticloadbalancing:us-east-1:978244587858:loadbalancer/app/wordpress/55094e5c51ce9713",
            "idle_timeout": 60,
            "internal": false,
            "ip_address_type": "ipv4",
            "load_balancer_type": "application",
            "name": "wordpress",
            "name_prefix": null,
            "preserve_host_header": false,
            "security_groups": [
              "sg-0102acf0d13e5b6aa"
            ],
            "subnet_mapping": [
              {
                "allocation_id": "",
                "ipv6_address": "",
                "outpost_id": "",
                "private_ipv4_address": "",
                "subnet_id": "subnet-0e407597b1ef81be6"
              },
              {
                "allocation_id": "",
                "ipv6_address": "",
                "outpost_id": "",
                "private_ipv4_address": "",
                "subnet_id": "subnet-0f0bc342c1779bd22"
              }
            ],
            "subnets": [
              "subnet-0e407597b1ef81be6",
              "subnet-0f0bc342c1779bd22"
            ],
            "tags": null,
            "tags_all": {},
            "timeouts": null,
            "vpc_id": "vpc-0f48effbd2f459a06",
            "zone_id": "Z35SXDOTRQ7X7K"
          },
          "sensitive_attributes": [],
          "private": "eyJlMmJmYjczMC1lY2FhLTExZTYtOGY4OC0zNDM2M2JjN2M0YzAiOnsiY3JlYXRlIjo2MDAwMDAwMDAwMDAsImRlbGV0ZSI6NjAwMDAwMDAwMDAwLCJ1cGRhdGUiOjYwMDAwMDAwMDAwMH19",
          "dependencies": [
            "aws_security_group.lb_service",
            "data.aws_subnet.ecs_service_subnet_ids",
            "module.vpc.aws_subnet.private",
            "module.vpc.aws_subnet.public",
            "module.vpc.aws_vpc.this",
            "module.vpc.aws_vpc_ipv4_cidr_block_association.this"
          ]
        }
      ]
    },
    {
      "module": "module.alb",
      "mode": "managed",
      "type": "aws_lb_listener",
      "name": "wordpress_http",
      "provider": "provider[\"registry.terraform.io/hashicorp/aws\"]",
      "instances": [
        {
          "schema_version": 0,
          "attributes": {
            "alpn_policy": null,
            "arn": "arn:aws:elasticloadbalancing:us-east-1:978244587858:listener/app/wordpress/55094e5c51ce9713/35bb15ac100c5d1a",
            "certificate_arn": null,
            "default_action": [
              {
                "authenticate_cognito": [],
                "authenticate_oidc": [],
                "fixed_response": [],
                "forward": [],
                "order": 1,
                "redirect": [],
                "target_group_arn": "arn:aws:elasticloadbalancing:us-east-1:978244587858:targetgroup/wordpress-http/f24877795164817f",
                "type": "forward"
              }
            ],
            "id": "arn:aws:elasticloadbalancing:us-east-1:978244587858:listener/app/wordpress/55094e5c51ce9713/35bb15ac100c5d1a",
            "load_balancer_arn": "arn:aws:elasticloadbalancing:us-east-1:978244587858:loadbalancer/app/wordpress/55094e5c51ce9713",
            "port": 80,
            "protocol": "HTTP",
            "ssl_policy": "",
            "tags": null,
            "tags_all": {},
            "timeouts": null
          },
          "sensitive_attributes": [],
          "private": "eyJlMmJmYjczMC1lY2FhLTExZTYtOGY4OC0zNDM2M2JjN2M0YzAiOnsicmVhZCI6NjAwMDAwMDAwMDAwfX0=",
          "dependencies": [
            "aws_security_group.lb_service",
            "data.aws_subnet.ecs_service_subnet_ids",
            "module.alb.aws_lb.wordpress",
            "module.alb.aws_lb_target_group.wordpress_http",
            "module.vpc.aws_subnet.private",
            "module.vpc.aws_subnet.public",
            "module.vpc.aws_vpc.this",
            "module.vpc.aws_vpc_ipv4_cidr_block_association.this"
          ]
        }
      ]
    },
    {
      "module": "module.alb",
      "mode": "managed",
      "type": "aws_lb_target_group",
      "name": "wordpress_http",
      "provider": "provider[\"registry.terraform.io/hashicorp/aws\"]",
      "instances": [
        {
          "schema_version": 0,
          "attributes": {
            "arn": "arn:aws:elasticloadbalancing:us-east-1:978244587858:targetgroup/wordpress-http/f24877795164817f",
            "arn_suffix": "targetgroup/wordpress-http/f24877795164817f",
            "connection_termination": false,
            "deregistration_delay": "300",
            "health_check": [
              {
                "enabled": true,
                "healthy_threshold": 3,
                "interval": 30,
                "matcher": "200-499",
                "path": "/",
                "port": "traffic-port",
                "protocol": "HTTP",
                "timeout": 5,
                "unhealthy_threshold": 3
              }
            ],
            "id": "arn:aws:elasticloadbalancing:us-east-1:978244587858:targetgroup/wordpress-http/f24877795164817f",
            "ip_address_type": "ipv4",
            "lambda_multi_value_headers_enabled": false,
            "load_balancing_algorithm_type": "round_robin",
            "name": "wordpress-http",
            "name_prefix": null,
            "port": 80,
            "preserve_client_ip": null,
            "protocol": "HTTP",
            "protocol_version": "HTTP1",
            "proxy_protocol_v2": false,
            "slow_start": 0,
            "stickiness": [
              {
                "cookie_duration": 86400,
                "cookie_name": "",
                "enabled": true,
                "type": "lb_cookie"
              }
            ],
            "tags": null,
            "tags_all": {},
            "target_failover": [
              {
                "on_deregistration": null,
                "on_unhealthy": null
              }
            ],
            "target_type": "ip",
            "vpc_id": "vpc-0f48effbd2f459a06"
          },
          "sensitive_attributes": [],
          "private": "bnVsbA==",
          "dependencies": [
            "module.vpc.aws_vpc.this"
          ]
        }
      ]
    },
    {
      "module": "module.ecs",
      "mode": "data",
      "type": "aws_iam_policy_document",
      "name": "ecs_task_policy",
      "provider": "provider[\"registry.terraform.io/hashicorp/aws\"]",
      "instances": [
        {
          "schema_version": 0,
          "attributes": {
            "id": "2265963298",
            "json": "{\n  \"Version\": \"2012-10-17\",\n  \"Statement\": [\n    {\n      \"Sid\": \"\",\n      \"Effect\": \"Allow\",\n      \"Action\": [\n        \"logs:PutLogEvents\",\n        \"logs:CreateLogStream\",\n        \"logs:CreateLogGroup\"\n      ],\n      \"Resource\": \"*\"\n    },\n    {\n      \"Sid\": \"\",\n      \"Effect\": \"Allow\",\n      \"Action\": \"secretsmanager:GetSecretValue\",\n      \"Resource\": \"arn:aws:secretsmanager:us-east-1:978244587858:secret:wordpress20230210165828349900000001-XxAFfV\"\n    },\n    {\n      \"Sid\": \"\",\n      \"Effect\": \"Allow\",\n      \"Action\": \"kms:Decrypt\",\n      \"Resource\": \"arn:aws:kms:us-east-1:978244587858:key/33e86a78-89d8-47fc-b2fd-21198702873b\"\n    }\n  ]\n}",
            "override_json": null,
            "override_policy_documents": null,
            "policy_id": null,
            "source_json": null,
            "source_policy_documents": null,
            "statement": [
              {
                "actions": [
                  "logs:CreateLogGroup",
                  "logs:CreateLogStream",
                  "logs:PutLogEvents"
                ],
                "condition": [],
                "effect": "Allow",
                "not_actions": [],
                "not_principals": [],
                "not_resources": [],
                "principals": [],
                "resources": [
                  "*"
                ],
                "sid": ""
              },
              {
                "actions": [
                  "secretsmanager:GetSecretValue"
                ],
                "condition": [],
                "effect": "Allow",
                "not_actions": [],
                "not_principals": [],
                "not_resources": [],
                "principals": [],
                "resources": [
                  "arn:aws:secretsmanager:us-east-1:978244587858:secret:wordpress20230210165828349900000001-XxAFfV"
                ],
                "sid": ""
              },
              {
                "actions": [
                  "kms:Decrypt"
                ],
                "condition": [],
                "effect": "Allow",
                "not_actions": [],
                "not_principals": [],
                "not_resources": [],
                "principals": [],
                "resources": [
                  "arn:aws:kms:us-east-1:978244587858:key/33e86a78-89d8-47fc-b2fd-21198702873b"
                ],
                "sid": ""
              }
            ],
            "version": "2012-10-17"
          },
          "sensitive_attributes": []
        }
      ]
    },
    {
      "module": "module.ecs",
      "mode": "data",
      "type": "aws_iam_policy_document",
      "name": "ecs_task_trust",
      "provider": "provider[\"registry.terraform.io/hashicorp/aws\"]",
      "instances": [
        {
          "schema_version": 0,
          "attributes": {
            "id": "320642683",
            "json": "{\n  \"Version\": \"2012-10-17\",\n  \"Statement\": [\n    {\n      \"Sid\": \"\",\n      \"Effect\": \"Allow\",\n      \"Action\": \"sts:AssumeRole\",\n      \"Principal\": {\n        \"Service\": \"ecs-tasks.amazonaws.com\"\n      }\n    }\n  ]\n}",
            "override_json": null,
            "override_policy_documents": null,
            "policy_id": null,
            "source_json": null,
            "source_policy_documents": null,
            "statement": [
              {
                "actions": [
                  "sts:AssumeRole"
                ],
                "condition": [],
                "effect": "Allow",
                "not_actions": [],
                "not_principals": [],
                "not_resources": [],
                "principals": [
                  {
                    "identifiers": [
                      "ecs-tasks.amazonaws.com"
                    ],
                    "type": "Service"
                  }
                ],
                "resources": [],
                "sid": ""
              }
            ],
            "version": "2012-10-17"
          },
          "sensitive_attributes": []
        }
      ]
    },
    {
      "module": "module.ecs",
      "mode": "managed",
      "type": "aws_ecs_cluster",
      "name": "wordpress",
      "provider": "provider[\"registry.terraform.io/hashicorp/aws\"]",
      "instances": [
        {
          "schema_version": 0,
          "attributes": {
            "arn": "arn:aws:ecs:us-east-1:978244587858:cluster/wordpress_cluster",
            "capacity_providers": [],
            "configuration": [],
            "default_capacity_provider_strategy": [],
            "id": "arn:aws:ecs:us-east-1:978244587858:cluster/wordpress_cluster",
            "name": "wordpress_cluster",
            "service_connect_defaults": [],
            "setting": [
              {
                "name": "containerInsights",
                "value": "disabled"
              }
            ],
            "tags": null,
            "tags_all": {}
          },
          "sensitive_attributes": [],
          "private": "bnVsbA=="
        }
      ]
    },
    {
      "module": "module.ecs",
      "mode": "managed",
      "type": "aws_ecs_service",
      "name": "wordpress",
      "provider": "provider[\"registry.terraform.io/hashicorp/aws\"]",
      "instances": [
        {
          "schema_version": 0,
          "attributes": {
            "alarms": [],
            "capacity_provider_strategy": [],
            "cluster": "arn:aws:ecs:us-east-1:978244587858:cluster/wordpress_cluster",
            "deployment_circuit_breaker": [
              {
                "enable": false,
                "rollback": false
              }
            ],
            "deployment_controller": [
              {
                "type": "ECS"
              }
            ],
            "deployment_maximum_percent": 200,
            "deployment_minimum_healthy_percent": 100,
            "desired_count": 2,
            "enable_ecs_managed_tags": false,
            "enable_execute_command": false,
            "force_new_deployment": null,
            "health_check_grace_period_seconds": 0,
            "iam_role": "aws-service-role",
            "id": "arn:aws:ecs:us-east-1:978244587858:service/wordpress_cluster/wordpress",
            "launch_type": "FARGATE",
            "load_balancer": [
              {
                "container_name": "wordpress",
                "container_port": 80,
                "elb_name": "",
                "target_group_arn": "arn:aws:elasticloadbalancing:us-east-1:978244587858:targetgroup/wordpress-http/f24877795164817f"
              }
            ],
            "name": "wordpress",
            "network_configuration": [
              {
                "assign_public_ip": false,
                "security_groups": [
                  "sg-02a2a60c44bc5afc4"
                ],
                "subnets": [
                  "subnet-077289770ac6e1a8e",
                  "subnet-0c26fb9243d5c4ec6"
                ]
              }
            ],
            "ordered_placement_strategy": [],
            "placement_constraints": [],
            "platform_version": "1.4.0",
            "propagate_tags": "SERVICE",
            "scheduling_strategy": "REPLICA",
            "service_connect_configuration": [],
            "service_registries": [],
            "tags": null,
            "tags_all": {},
            "task_definition": "arn:aws:ecs:us-east-1:978244587858:task-definition/wordpress-family:1",
            "timeouts": null,
            "triggers": {},
            "wait_for_steady_state": false
          },
          "sensitive_attributes": [],
          "private": "eyJlMmJmYjczMC1lY2FhLTExZTYtOGY4OC0zNDM2M2JjN2M0YzAiOnsiY3JlYXRlIjoxMjAwMDAwMDAwMDAwLCJkZWxldGUiOjEyMDAwMDAwMDAwMDAsInVwZGF0ZSI6MTIwMDAwMDAwMDAwMH19",
          "dependencies": [
            "aws_cloudwatch_log_group.wordpress",
            "aws_kms_key.wordpress",
            "aws_secretsmanager_secret.wordpress",
            "aws_security_group.ecs_service",
            "aws_security_group.rds_cluster",
            "data.aws_caller_identity.current",
            "data.aws_iam_policy_document.kms",
            "data.aws_rds_engine_version.rds_engine_version",
            "data.aws_region.current",
            "data.aws_subnet.ecs_service_subnet_ids",
            "module.alb.aws_lb_target_group.wordpress_http",
            "module.ecs.aws_ecs_cluster.wordpress",
            "module.ecs.aws_ecs_task_definition.wordpress",
            "module.ecs.aws_efs_access_point.wordpress_plugins",
            "module.ecs.aws_efs_access_point.wordpress_themes",
            "module.ecs.aws_efs_file_system.wordpress",
            "module.ecs.aws_iam_role.ecs_task_role",
            "module.ecs.data.aws_iam_policy_document.ecs_task_trust",
            "module.rds.aws_db_subnet_group.db",
            "module.rds.aws_rds_cluster.wordpress",
            "module.vpc.aws_subnet.database",
            "module.vpc.aws_subnet.private",
            "module.vpc.aws_vpc.this",
            "module.vpc.aws_vpc_ipv4_cidr_block_association.this",
            "random_password.db_password"
          ]
        }
      ]
    },
    {
      "module": "module.ecs",
      "mode": "managed",
      "type": "aws_ecs_task_definition",
      "name": "wordpress",
      "provider": "provider[\"registry.terraform.io/hashicorp/aws\"]",
      "instances": [
        {
          "schema_version": 1,
          "attributes": {
            "arn": "arn:aws:ecs:us-east-1:978244587858:task-definition/wordpress-family:1",
            "container_definitions": "[{\"cpu\":0,\"environment\":[{\"name\":\"WORDPRESS_DB_HOST\",\"value\":\"wordpress.cluster-c1j6msw5gk6k.us-east-1.rds.amazonaws.com\"},{\"name\":\"WORDPRESS_DB_NAME\",\"value\":\"wordpress\"},{\"name\":\"WORDPRESS_DB_USER\",\"value\":\"admin\"}],\"essential\":true,\"image\":\"wordpress:latest\",\"logConfiguration\":{\"logDriver\":\"awslogs\",\"options\":{\"awslogs-group\":\"wordpress-log-group\",\"awslogs-region\":\"us-east-1\",\"awslogs-stream-prefix\":\"wordpress\"}},\"mountPoints\":[{\"containerPath\":\"/var/www/html/wp-content/themes\",\"readOnly\":false,\"sourceVolume\":\"efs-themes\"},{\"containerPath\":\"/var/www/html/wp-content/plugins\",\"readOnly\":false,\"sourceVolume\":\"efs-plugins\"}],\"name\":\"wordpress\",\"portMappings\":[{\"containerPort\":80,\"hostPort\":80,\"protocol\":\"tcp\"}],\"secrets\":[{\"name\":\"WORDPRESS_DB_PASSWORD\",\"valueFrom\":\"arn:aws:secretsmanager:us-east-1:978244587858:secret:wordpress20230210165828349900000001:WORDPRESS_DB_PASSWORD::\"}],\"volumesFrom\":[]}]",
            "cpu": "1024",
            "ephemeral_storage": [],
            "execution_role_arn": "arn:aws:iam::978244587858:role/wordpressTaskRole",
            "family": "wordpress-family",
            "id": "wordpress-family",
            "inference_accelerator": [],
            "ipc_mode": "",
            "memory": "2048",
            "network_mode": "awsvpc",
            "pid_mode": "",
            "placement_constraints": [],
            "proxy_configuration": [],
            "requires_compatibilities": [
              "FARGATE"
            ],
            "revision": 1,
            "runtime_platform": [],
            "skip_destroy": false,
            "tags": null,
            "tags_all": {},
            "task_role_arn": "",
            "volume": [
              {
                "docker_volume_configuration": [],
                "efs_volume_configuration": [
                  {
                    "authorization_config": [
                      {
                        "access_point_id": "fsap-07889def1b13dc063",
                        "iam": ""
                      }
                    ],
                    "file_system_id": "fs-0ba2fdcfb3b06fee9",
                    "root_directory": "/",
                    "transit_encryption": "ENABLED",
                    "transit_encryption_port": null
                  }
                ],
                "fsx_windows_file_server_volume_configuration": [],
                "host_path": "",
                "name": "efs-themes"
              },
              {
                "docker_volume_configuration": [],
                "efs_volume_configuration": [
                  {
                    "authorization_config": [
                      {
                        "access_point_id": "fsap-0f5dd216ba70b18af",
                        "iam": ""
                      }
                    ],
                    "file_system_id": "fs-0ba2fdcfb3b06fee9",
                    "root_directory": "/",
                    "transit_encryption": "ENABLED",
                    "transit_encryption_port": null
                  }
                ],
                "fsx_windows_file_server_volume_configuration": [],
                "host_path": "",
                "name": "efs-plugins"
              }
            ]
          },
          "sensitive_attributes": [],
          "private": "eyJzY2hlbWFfdmVyc2lvbiI6IjEifQ==",
          "dependencies": [
            "aws_cloudwatch_log_group.wordpress",
            "aws_kms_key.wordpress",
            "aws_secretsmanager_secret.wordpress",
            "aws_security_group.rds_cluster",
            "data.aws_caller_identity.current",
            "data.aws_iam_policy_document.kms",
            "data.aws_rds_engine_version.rds_engine_version",
            "data.aws_region.current",
            "data.aws_subnet.ecs_service_subnet_ids",
            "module.ecs.aws_efs_access_point.wordpress_plugins",
            "module.ecs.aws_efs_access_point.wordpress_themes",
            "module.ecs.aws_efs_file_system.wordpress",
            "module.ecs.aws_iam_role.ecs_task_role",
            "module.ecs.data.aws_iam_policy_document.ecs_task_trust",
            "module.rds.aws_db_subnet_group.db",
            "module.rds.aws_rds_cluster.wordpress",
            "module.vpc.aws_subnet.database",
            "module.vpc.aws_subnet.private",
            "module.vpc.aws_vpc.this",
            "module.vpc.aws_vpc_ipv4_cidr_block_association.this",
            "random_password.db_password"
          ]
        }
      ]
    },
    {
      "module": "module.ecs",
      "mode": "managed",
      "type": "aws_efs_access_point",
      "name": "wordpress_plugins",
      "provider": "provider[\"registry.terraform.io/hashicorp/aws\"]",
      "instances": [
        {
          "schema_version": 0,
          "attributes": {
            "arn": "arn:aws:elasticfilesystem:us-east-1:978244587858:access-point/fsap-0f5dd216ba70b18af",
            "file_system_arn": "arn:aws:elasticfilesystem:us-east-1:978244587858:file-system/fs-0ba2fdcfb3b06fee9",
            "file_system_id": "fs-0ba2fdcfb3b06fee9",
            "id": "fsap-0f5dd216ba70b18af",
            "owner_id": "978244587858",
            "posix_user": [
              {
                "gid": 33,
                "secondary_gids": null,
                "uid": 33
              }
            ],
            "root_directory": [
              {
                "creation_info": [
                  {
                    "owner_gid": 33,
                    "owner_uid": 33,
                    "permissions": "755"
                  }
                ],
                "path": "/plugins"
              }
            ],
            "tags": null,
            "tags_all": {}
          },
          "sensitive_attributes": [],
          "private": "bnVsbA==",
          "dependencies": [
            "aws_kms_key.wordpress",
            "data.aws_iam_policy_document.kms",
            "module.ecs.aws_efs_file_system.wordpress"
          ]
        }
      ]
    },
    {
      "module": "module.ecs",
      "mode": "managed",
      "type": "aws_efs_access_point",
      "name": "wordpress_themes",
      "provider": "provider[\"registry.terraform.io/hashicorp/aws\"]",
      "instances": [
        {
          "schema_version": 0,
          "attributes": {
            "arn": "arn:aws:elasticfilesystem:us-east-1:978244587858:access-point/fsap-07889def1b13dc063",
            "file_system_arn": "arn:aws:elasticfilesystem:us-east-1:978244587858:file-system/fs-0ba2fdcfb3b06fee9",
            "file_system_id": "fs-0ba2fdcfb3b06fee9",
            "id": "fsap-07889def1b13dc063",
            "owner_id": "978244587858",
            "posix_user": [
              {
                "gid": 33,
                "secondary_gids": null,
                "uid": 33
              }
            ],
            "root_directory": [
              {
                "creation_info": [
                  {
                    "owner_gid": 33,
                    "owner_uid": 33,
                    "permissions": "755"
                  }
                ],
                "path": "/themes"
              }
            ],
            "tags": null,
            "tags_all": {}
          },
          "sensitive_attributes": [],
          "private": "bnVsbA==",
          "dependencies": [
            "aws_kms_key.wordpress",
            "data.aws_iam_policy_document.kms",
            "module.ecs.aws_efs_file_system.wordpress"
          ]
        }
      ]
    },
    {
      "module": "module.ecs",
      "mode": "managed",
      "type": "aws_efs_file_system",
      "name": "wordpress",
      "provider": "provider[\"registry.terraform.io/hashicorp/aws\"]",
      "instances": [
        {
          "schema_version": 0,
          "attributes": {
            "arn": "arn:aws:elasticfilesystem:us-east-1:978244587858:file-system/fs-0ba2fdcfb3b06fee9",
            "availability_zone_id": "",
            "availability_zone_name": "",
            "creation_token": "wordpress",
            "dns_name": "fs-0ba2fdcfb3b06fee9.efs.us-east-1.amazonaws.com",
            "encrypted": true,
            "id": "fs-0ba2fdcfb3b06fee9",
            "kms_key_id": "arn:aws:kms:us-east-1:978244587858:key/33e86a78-89d8-47fc-b2fd-21198702873b",
            "lifecycle_policy": [],
            "number_of_mount_targets": 0,
            "owner_id": "978244587858",
            "performance_mode": "generalPurpose",
            "provisioned_throughput_in_mibps": 0,
            "size_in_bytes": [
              {
                "value": 6144,
                "value_in_ia": 0,
                "value_in_standard": 6144
              }
            ],
            "tags": null,
            "tags_all": {},
            "throughput_mode": "bursting"
          },
          "sensitive_attributes": [],
          "private": "bnVsbA==",
          "dependencies": [
            "aws_kms_key.wordpress",
            "data.aws_iam_policy_document.kms"
          ]
        }
      ]
    },
    {
      "module": "module.ecs",
      "mode": "managed",
      "type": "aws_efs_mount_target",
      "name": "wordpress",
      "provider": "provider[\"registry.terraform.io/hashicorp/aws\"]",
      "instances": [
        {
          "index_key": 0,
          "schema_version": 0,
          "attributes": {
            "availability_zone_id": "use1-az1",
            "availability_zone_name": "us-east-1a",
            "dns_name": "fs-0ba2fdcfb3b06fee9.efs.us-east-1.amazonaws.com",
            "file_system_arn": "arn:aws:elasticfilesystem:us-east-1:978244587858:file-system/fs-0ba2fdcfb3b06fee9",
            "file_system_id": "fs-0ba2fdcfb3b06fee9",
            "id": "fsmt-000057dddb59a67c0",
            "ip_address": "10.0.2.116",
            "mount_target_dns_name": "us-east-1a.fs-0ba2fdcfb3b06fee9.efs.us-east-1.amazonaws.com",
            "network_interface_id": "eni-0b6ff4d0c764134a2",
            "owner_id": "978244587858",
            "security_groups": [
              "sg-00f37a0167a9a8584"
            ],
            "subnet_id": "subnet-077289770ac6e1a8e"
          },
          "sensitive_attributes": [],
          "private": "bnVsbA==",
          "dependencies": [
            "aws_kms_key.wordpress",
            "aws_security_group.efs_service",
            "data.aws_iam_policy_document.kms",
            "data.aws_subnet.ecs_service_subnet_ids",
            "module.ecs.aws_efs_file_system.wordpress",
            "module.vpc.aws_subnet.private",
            "module.vpc.aws_vpc.this",
            "module.vpc.aws_vpc_ipv4_cidr_block_association.this"
          ]
        },
        {
          "index_key": 1,
          "schema_version": 0,
          "attributes": {
            "availability_zone_id": "use1-az2",
            "availability_zone_name": "us-east-1b",
            "dns_name": "fs-0ba2fdcfb3b06fee9.efs.us-east-1.amazonaws.com",
            "file_system_arn": "arn:aws:elasticfilesystem:us-east-1:978244587858:file-system/fs-0ba2fdcfb3b06fee9",
            "file_system_id": "fs-0ba2fdcfb3b06fee9",
            "id": "fsmt-0aa2d66e300f0d82c",
            "ip_address": "10.0.3.132",
            "mount_target_dns_name": "us-east-1b.fs-0ba2fdcfb3b06fee9.efs.us-east-1.amazonaws.com",
            "network_interface_id": "eni-08ea2970b7f61f88b",
            "owner_id": "978244587858",
            "security_groups": [
              "sg-00f37a0167a9a8584"
            ],
            "subnet_id": "subnet-0c26fb9243d5c4ec6"
          },
          "sensitive_attributes": [],
          "private": "bnVsbA==",
          "dependencies": [
            "aws_kms_key.wordpress",
            "aws_security_group.efs_service",
            "data.aws_iam_policy_document.kms",
            "data.aws_subnet.ecs_service_subnet_ids",
            "module.ecs.aws_efs_file_system.wordpress",
            "module.vpc.aws_subnet.private",
            "module.vpc.aws_vpc.this",
            "module.vpc.aws_vpc_ipv4_cidr_block_association.this"
          ]
        }
      ]
    },
    {
      "module": "module.ecs",
      "mode": "managed",
      "type": "aws_iam_policy",
      "name": "ecs_task_policy",
      "provider": "provider[\"registry.terraform.io/hashicorp/aws\"]",
      "instances": [
        {
          "schema_version": 0,
          "attributes": {
            "arn": "arn:aws:iam::978244587858:policy/wordpressTaskPolicy",
            "description": "",
            "id": "arn:aws:iam::978244587858:policy/wordpressTaskPolicy",
            "name": "wordpressTaskPolicy",
            "name_prefix": null,
            "path": "/",
            "policy": "{\"Statement\":[{\"Action\":[\"logs:PutLogEvents\",\"logs:CreateLogStream\",\"logs:CreateLogGroup\"],\"Effect\":\"Allow\",\"Resource\":\"*\",\"Sid\":\"\"},{\"Action\":\"secretsmanager:GetSecretValue\",\"Effect\":\"Allow\",\"Resource\":\"arn:aws:secretsmanager:us-east-1:978244587858:secret:wordpress20230210165828349900000001-XxAFfV\",\"Sid\":\"\"},{\"Action\":\"kms:Decrypt\",\"Effect\":\"Allow\",\"Resource\":\"arn:aws:kms:us-east-1:978244587858:key/33e86a78-89d8-47fc-b2fd-21198702873b\",\"Sid\":\"\"}],\"Version\":\"2012-10-17\"}",
            "policy_id": "ANPA6HQ7L2FJHXCKER4ZP",
            "tags": null,
            "tags_all": {}
          },
          "sensitive_attributes": [],
          "private": "bnVsbA==",
          "dependencies": [
            "aws_kms_key.wordpress",
            "aws_secretsmanager_secret.wordpress",
            "data.aws_iam_policy_document.kms",
            "module.ecs.data.aws_iam_policy_document.ecs_task_policy"
          ]
        }
      ]
    },
    {
      "module": "module.ecs",
      "mode": "managed",
      "type": "aws_iam_role",
      "name": "ecs_task_role",
      "provider": "provider[\"registry.terraform.io/hashicorp/aws\"]",
      "instances": [
        {
          "schema_version": 0,
          "attributes": {
            "arn": "arn:aws:iam::978244587858:role/wordpressTaskRole",
            "assume_role_policy": "{\"Statement\":[{\"Action\":\"sts:AssumeRole\",\"Effect\":\"Allow\",\"Principal\":{\"Service\":\"ecs-tasks.amazonaws.com\"},\"Sid\":\"\"}],\"Version\":\"2012-10-17\"}",
            "create_date": "2023-02-10T16:58:11Z",
            "description": "",
            "force_detach_policies": false,
            "id": "wordpressTaskRole",
            "inline_policy": [],
            "managed_policy_arns": [],
            "max_session_duration": 3600,
            "name": "wordpressTaskRole",
            "name_prefix": "",
            "path": "/",
            "permissions_boundary": null,
            "tags": null,
            "tags_all": {},
            "unique_id": "AROA6HQ7L2FJMAGSLCFLS"
          },
          "sensitive_attributes": [],
          "private": "bnVsbA==",
          "dependencies": [
            "module.ecs.data.aws_iam_policy_document.ecs_task_trust"
          ]
        }
      ]
    },
    {
      "module": "module.ecs",
      "mode": "managed",
      "type": "aws_iam_role_policy_attachment",
      "name": "ecs_role_attachment",
      "provider": "provider[\"registry.terraform.io/hashicorp/aws\"]",
      "instances": [
        {
          "schema_version": 0,
          "attributes": {
            "id": "wordpressTaskRole-20230210165832607000000002",
            "policy_arn": "arn:aws:iam::978244587858:policy/wordpressTaskPolicy",
            "role": "wordpressTaskRole"
          },
          "sensitive_attributes": [],
          "private": "bnVsbA==",
          "dependencies": [
            "aws_kms_key.wordpress",
            "aws_secretsmanager_secret.wordpress",
            "data.aws_iam_policy_document.kms",
            "module.ecs.aws_iam_policy.ecs_task_policy",
            "module.ecs.aws_iam_role.ecs_task_role",
            "module.ecs.data.aws_iam_policy_document.ecs_task_policy",
            "module.ecs.data.aws_iam_policy_document.ecs_task_trust"
          ]
        }
      ]
    },
    {
      "module": "module.rds",
      "mode": "managed",
      "type": "aws_db_subnet_group",
      "name": "db",
      "provider": "provider[\"registry.terraform.io/hashicorp/aws\"]",
      "instances": [
        {
          "schema_version": 0,
          "attributes": {
            "arn": "arn:aws:rds:us-east-1:978244587858:subgrp:wordpress-subnet-group",
            "description": "Managed by Terraform",
            "id": "wordpress-subnet-group",
            "name": "wordpress-subnet-group",
            "name_prefix": "",
            "subnet_ids": [
              "subnet-007904792a90505d7",
              "subnet-09b5e6f6b94464d52"
            ],
            "supported_network_types": [
              "IPV4"
            ],
            "tags": null,
            "tags_all": {}
          },
          "sensitive_attributes": [],
          "private": "bnVsbA==",
          "dependencies": [
            "module.vpc.aws_subnet.database",
            "module.vpc.aws_vpc.this",
            "module.vpc.aws_vpc_ipv4_cidr_block_association.this"
          ]
        }
      ]
    },
    {
      "module": "module.rds",
      "mode": "managed",
      "type": "aws_rds_cluster",
      "name": "wordpress",
      "provider": "provider[\"registry.terraform.io/hashicorp/aws\"]",
      "instances": [
        {
          "schema_version": 0,
          "attributes": {
            "allocated_storage": 1,
            "allow_major_version_upgrade": null,
            "apply_immediately": null,
            "arn": "arn:aws:rds:us-east-1:978244587858:cluster:wordpress",
            "availability_zones": [
              "us-east-1a",
              "us-east-1b",
              "us-east-1f"
            ],
            "backtrack_window": 0,
            "backup_retention_period": 1,
            "cluster_identifier": "wordpress",
            "cluster_identifier_prefix": null,
            "cluster_members": [],
            "cluster_resource_id": "cluster-Y6LXET7CU2ZLDLFMIIJ7I64TQY",
            "copy_tags_to_snapshot": true,
            "database_name": "wordpress",
            "db_cluster_instance_class": "",
            "db_cluster_parameter_group_name": "default.aurora-mysql5.7",
            "db_instance_parameter_group_name": null,
            "db_subnet_group_name": "wordpress-subnet-group",
            "deletion_protection": false,
            "enable_global_write_forwarding": false,
            "enable_http_endpoint": false,
            "enabled_cloudwatch_logs_exports": [
              "audit"
            ],
            "endpoint": "wordpress.cluster-c1j6msw5gk6k.us-east-1.rds.amazonaws.com",
            "engine": "aurora-mysql",
            "engine_mode": "provisioned",
            "engine_version": "5.7.mysql_aurora.2.10.2",
            "engine_version_actual": "5.7.mysql_aurora.2.10.2",
            "final_snapshot_identifier": "wordpress",
            "global_cluster_identifier": "",
            "hosted_zone_id": "Z2R2ITUGPM61AM",
            "iam_database_authentication_enabled": false,
            "iam_roles": [],
            "id": "wordpress",
            "iops": 0,
            "kms_key_id": "arn:aws:kms:us-east-1:978244587858:key/33e86a78-89d8-47fc-b2fd-21198702873b",
            "master_password": "Ojk2ajGtxZAxbNxr",
            "master_username": "admin",
            "network_type": "IPV4",
            "port": 3306,
            "preferred_backup_window": "08:00-09:00",
            "preferred_maintenance_window": "sun:06:00-sun:07:00",
            "reader_endpoint": "wordpress.cluster-ro-c1j6msw5gk6k.us-east-1.rds.amazonaws.com",
            "replication_source_identifier": "",
            "restore_to_point_in_time": [],
            "s3_import": [],
            "scaling_configuration": [],
            "serverlessv2_scaling_configuration": [],
            "skip_final_snapshot": true,
            "snapshot_identifier": null,
            "source_region": null,
            "storage_encrypted": true,
            "storage_type": "",
            "tags": null,
            "tags_all": {},
            "timeouts": null,
            "vpc_security_group_ids": [
              "sg-01efef26b08a804df"
            ]
          },
          "sensitive_attributes": [
            [
              {
                "type": "get_attr",
                "value": "master_password"
              }
            ]
          ],
          "private": "eyJlMmJmYjczMC1lY2FhLTExZTYtOGY4OC0zNDM2M2JjN2M0YzAiOnsiY3JlYXRlIjo3MjAwMDAwMDAwMDAwLCJkZWxldGUiOjcyMDAwMDAwMDAwMDAsInVwZGF0ZSI6NzIwMDAwMDAwMDAwMH19",
          "dependencies": [
            "aws_kms_key.wordpress",
            "aws_security_group.rds_cluster",
            "data.aws_iam_policy_document.kms",
            "data.aws_rds_engine_version.rds_engine_version",
            "data.aws_subnet.ecs_service_subnet_ids",
            "module.rds.aws_db_subnet_group.db",
            "module.vpc.aws_subnet.database",
            "module.vpc.aws_subnet.private",
            "module.vpc.aws_vpc.this",
            "module.vpc.aws_vpc_ipv4_cidr_block_association.this",
            "random_password.db_password"
          ]
        }
      ]
    },
    {
      "module": "module.rds",
      "mode": "managed",
      "type": "aws_rds_cluster_instance",
      "name": "wordpress",
      "provider": "provider[\"registry.terraform.io/hashicorp/aws\"]",
      "instances": [
        {
          "index_key": 0,
          "schema_version": 0,
          "attributes": {
            "apply_immediately": null,
            "arn": "arn:aws:rds:us-east-1:978244587858:db:wordpress-0",
            "auto_minor_version_upgrade": true,
            "availability_zone": "us-east-1a",
            "ca_cert_identifier": "rds-ca-2019",
            "cluster_identifier": "wordpress",
            "copy_tags_to_snapshot": false,
            "db_parameter_group_name": "default.aurora-mysql5.7",
            "db_subnet_group_name": "wordpress-subnet-group",
            "dbi_resource_id": "db-KYTRXJCHBZUEGHWN6CKM5KZ3EI",
            "endpoint": "wordpress-0.c1j6msw5gk6k.us-east-1.rds.amazonaws.com",
            "engine": "aurora-mysql",
            "engine_version": "5.7.mysql_aurora.2.10.2",
            "engine_version_actual": "5.7.mysql_aurora.2.10.2",
            "id": "wordpress-0",
            "identifier": "wordpress-0",
            "identifier_prefix": null,
            "instance_class": "db.t3.small",
            "kms_key_id": "arn:aws:kms:us-east-1:978244587858:key/33e86a78-89d8-47fc-b2fd-21198702873b",
            "monitoring_interval": 0,
            "monitoring_role_arn": "",
            "network_type": "IPV4",
            "performance_insights_enabled": false,
            "performance_insights_kms_key_id": "",
            "performance_insights_retention_period": 0,
            "port": 3306,
            "preferred_backup_window": "08:00-09:00",
            "preferred_maintenance_window": "tue:04:38-tue:05:08",
            "promotion_tier": 0,
            "publicly_accessible": false,
            "storage_encrypted": true,
            "tags": null,
            "tags_all": {},
            "timeouts": null,
            "writer": false
          },
          "sensitive_attributes": [],
          "private": "eyJlMmJmYjczMC1lY2FhLTExZTYtOGY4OC0zNDM2M2JjN2M0YzAiOnsiY3JlYXRlIjo1NDAwMDAwMDAwMDAwLCJkZWxldGUiOjU0MDAwMDAwMDAwMDAsInVwZGF0ZSI6NTQwMDAwMDAwMDAwMH19",
          "dependencies": [
            "aws_kms_key.wordpress",
            "aws_security_group.rds_cluster",
            "data.aws_iam_policy_document.kms",
            "data.aws_rds_engine_version.rds_engine_version",
            "data.aws_subnet.ecs_service_subnet_ids",
            "module.rds.aws_db_subnet_group.db",
            "module.rds.aws_rds_cluster.wordpress",
            "module.vpc.aws_subnet.database",
            "module.vpc.aws_subnet.private",
            "module.vpc.aws_vpc.this",
            "module.vpc.aws_vpc_ipv4_cidr_block_association.this",
            "random_password.db_password"
          ]
        },
        {
          "index_key": 1,
          "schema_version": 0,
          "attributes": {
            "apply_immediately": null,
            "arn": "arn:aws:rds:us-east-1:978244587858:db:wordpress-1",
            "auto_minor_version_upgrade": true,
            "availability_zone": "us-east-1b",
            "ca_cert_identifier": "rds-ca-2019",
            "cluster_identifier": "wordpress",
            "copy_tags_to_snapshot": false,
            "db_parameter_group_name": "default.aurora-mysql5.7",
            "db_subnet_group_name": "wordpress-subnet-group",
            "dbi_resource_id": "db-AQSOJBVXNRAE5UKMIUKLY5375M",
            "endpoint": "wordpress-1.c1j6msw5gk6k.us-east-1.rds.amazonaws.com",
            "engine": "aurora-mysql",
            "engine_version": "5.7.mysql_aurora.2.10.2",
            "engine_version_actual": "5.7.mysql_aurora.2.10.2",
            "id": "wordpress-1",
            "identifier": "wordpress-1",
            "identifier_prefix": null,
            "instance_class": "db.t3.small",
            "kms_key_id": "arn:aws:kms:us-east-1:978244587858:key/33e86a78-89d8-47fc-b2fd-21198702873b",
            "monitoring_interval": 0,
            "monitoring_role_arn": "",
            "network_type": "IPV4",
            "performance_insights_enabled": false,
            "performance_insights_kms_key_id": "",
            "performance_insights_retention_period": 0,
            "port": 3306,
            "preferred_backup_window": "08:00-09:00",
            "preferred_maintenance_window": "fri:10:04-fri:10:34",
            "promotion_tier": 0,
            "publicly_accessible": false,
            "storage_encrypted": true,
            "tags": null,
            "tags_all": {},
            "timeouts": null,
            "writer": true
          },
          "sensitive_attributes": [],
          "private": "eyJlMmJmYjczMC1lY2FhLTExZTYtOGY4OC0zNDM2M2JjN2M0YzAiOnsiY3JlYXRlIjo1NDAwMDAwMDAwMDAwLCJkZWxldGUiOjU0MDAwMDAwMDAwMDAsInVwZGF0ZSI6NTQwMDAwMDAwMDAwMH19",
          "dependencies": [
            "aws_kms_key.wordpress",
            "aws_security_group.rds_cluster",
            "data.aws_iam_policy_document.kms",
            "data.aws_rds_engine_version.rds_engine_version",
            "data.aws_subnet.ecs_service_subnet_ids",
            "module.rds.aws_db_subnet_group.db",
            "module.rds.aws_rds_cluster.wordpress",
            "module.vpc.aws_subnet.database",
            "module.vpc.aws_subnet.private",
            "module.vpc.aws_vpc.this",
            "module.vpc.aws_vpc_ipv4_cidr_block_association.this",
            "random_password.db_password"
          ]
        }
      ]
    },
    {
      "module": "module.vpc",
      "mode": "managed",
      "type": "aws_db_subnet_group",
      "name": "database",
      "provider": "provider[\"registry.terraform.io/hashicorp/aws\"]",
      "instances": [
        {
          "index_key": 0,
          "schema_version": 0,
          "attributes": {
            "arn": "arn:aws:rds:us-east-1:978244587858:subgrp:wordpress",
            "description": "Database subnet group for wordpress",
            "id": "wordpress",
            "name": "wordpress",
            "name_prefix": "",
            "subnet_ids": [
              "subnet-007904792a90505d7",
              "subnet-09b5e6f6b94464d52"
            ],
            "supported_network_types": [
              "IPV4"
            ],
            "tags": {
              "Name": "wordpress"
            },
            "tags_all": {
              "Name": "wordpress"
            }
          },
          "sensitive_attributes": [],
          "private": "bnVsbA==",
          "dependencies": [
            "module.vpc.aws_subnet.database",
            "module.vpc.aws_vpc.this",
            "module.vpc.aws_vpc_ipv4_cidr_block_association.this"
          ]
        }
      ]
    },
    {
      "module": "module.vpc",
      "mode": "managed",
      "type": "aws_eip",
      "name": "nat",
      "provider": "provider[\"registry.terraform.io/hashicorp/aws\"]",
      "instances": [
        {
          "index_key": 0,
          "schema_version": 0,
          "attributes": {
            "address": null,
            "allocation_id": "eipalloc-07420f96339d3f9f9",
            "associate_with_private_ip": null,
            "association_id": "",
            "carrier_ip": "",
            "customer_owned_ip": "",
            "customer_owned_ipv4_pool": "",
            "domain": "vpc",
            "id": "eipalloc-07420f96339d3f9f9",
            "instance": "",
            "network_border_group": "us-east-1",
            "network_interface": "",
            "private_dns": null,
            "private_ip": "",
            "public_dns": "ec2-54-86-198-183.compute-1.amazonaws.com",
            "public_ip": "54.86.198.183",
            "public_ipv4_pool": "amazon",
            "tags": {
              "Name": "wordpress-us-east-1a"
            },
            "tags_all": {
              "Name": "wordpress-us-east-1a"
            },
            "timeouts": null,
            "vpc": true
          },
          "sensitive_attributes": [],
          "private": "eyJlMmJmYjczMC1lY2FhLTExZTYtOGY4OC0zNDM2M2JjN2M0YzAiOnsiZGVsZXRlIjoxODAwMDAwMDAwMDAsInJlYWQiOjkwMDAwMDAwMDAwMCwidXBkYXRlIjozMDAwMDAwMDAwMDB9fQ=="
        },
        {
          "index_key": 1,
          "schema_version": 0,
          "attributes": {
            "address": null,
            "allocation_id": "eipalloc-0fd5d2b7b53328e22",
            "associate_with_private_ip": null,
            "association_id": "",
            "carrier_ip": "",
            "customer_owned_ip": "",
            "customer_owned_ipv4_pool": "",
            "domain": "vpc",
            "id": "eipalloc-0fd5d2b7b53328e22",
            "instance": "",
            "network_border_group": "us-east-1",
            "network_interface": "",
            "private_dns": null,
            "private_ip": "",
            "public_dns": "ec2-34-238-145-248.compute-1.amazonaws.com",
            "public_ip": "34.238.145.248",
            "public_ipv4_pool": "amazon",
            "tags": {
              "Name": "wordpress-us-east-1b"
            },
            "tags_all": {
              "Name": "wordpress-us-east-1b"
            },
            "timeouts": null,
            "vpc": true
          },
          "sensitive_attributes": [],
          "private": "eyJlMmJmYjczMC1lY2FhLTExZTYtOGY4OC0zNDM2M2JjN2M0YzAiOnsiZGVsZXRlIjoxODAwMDAwMDAwMDAsInJlYWQiOjkwMDAwMDAwMDAwMCwidXBkYXRlIjozMDAwMDAwMDAwMDB9fQ=="
        }
      ]
    },
    {
      "module": "module.vpc",
      "mode": "managed",
      "type": "aws_internet_gateway",
      "name": "this",
      "provider": "provider[\"registry.terraform.io/hashicorp/aws\"]",
      "instances": [
        {
          "index_key": 0,
          "schema_version": 0,
          "attributes": {
            "arn": "arn:aws:ec2:us-east-1:978244587858:internet-gateway/igw-09230d72363e51179",
            "id": "igw-09230d72363e51179",
            "owner_id": "978244587858",
            "tags": {
              "Name": "wordpress"
            },
            "tags_all": {
              "Name": "wordpress"
            },
            "timeouts": null,
            "vpc_id": "vpc-0f48effbd2f459a06"
          },
          "sensitive_attributes": [],
          "private": "eyJlMmJmYjczMC1lY2FhLTExZTYtOGY4OC0zNDM2M2JjN2M0YzAiOnsiY3JlYXRlIjoxMjAwMDAwMDAwMDAwLCJkZWxldGUiOjEyMDAwMDAwMDAwMDAsInVwZGF0ZSI6MTIwMDAwMDAwMDAwMH19",
          "dependencies": [
            "module.vpc.aws_vpc.this",
            "module.vpc.aws_vpc_ipv4_cidr_block_association.this"
          ]
        }
      ]
    },
    {
      "module": "module.vpc",
      "mode": "managed",
      "type": "aws_nat_gateway",
      "name": "this",
      "provider": "provider[\"registry.terraform.io/hashicorp/aws\"]",
      "instances": [
        {
          "index_key": 0,
          "schema_version": 0,
          "attributes": {
            "allocation_id": "eipalloc-07420f96339d3f9f9",
            "connectivity_type": "public",
            "id": "nat-09ffacd1ebb4921e8",
            "network_interface_id": "eni-094102bd35eb14ec4",
            "private_ip": "10.0.0.207",
            "public_ip": "54.86.198.183",
            "subnet_id": "subnet-0f0bc342c1779bd22",
            "tags": {
              "Name": "wordpress-us-east-1a"
            },
            "tags_all": {
              "Name": "wordpress-us-east-1a"
            }
          },
          "sensitive_attributes": [],
          "private": "bnVsbA==",
          "dependencies": [
            "module.vpc.aws_eip.nat",
            "module.vpc.aws_internet_gateway.this",
            "module.vpc.aws_subnet.public",
            "module.vpc.aws_vpc.this",
            "module.vpc.aws_vpc_ipv4_cidr_block_association.this"
          ]
        },
        {
          "index_key": 1,
          "schema_version": 0,
          "attributes": {
            "allocation_id": "eipalloc-0fd5d2b7b53328e22",
            "connectivity_type": "public",
            "id": "nat-019b9177b0eb1402b",
            "network_interface_id": "eni-0e2f5f601bd1b3740",
            "private_ip": "10.0.1.90",
            "public_ip": "34.238.145.248",
            "subnet_id": "subnet-0e407597b1ef81be6",
            "tags": {
              "Name": "wordpress-us-east-1b"
            },
            "tags_all": {
              "Name": "wordpress-us-east-1b"
            }
          },
          "sensitive_attributes": [],
          "private": "bnVsbA==",
          "dependencies": [
            "module.vpc.aws_eip.nat",
            "module.vpc.aws_internet_gateway.this",
            "module.vpc.aws_subnet.public",
            "module.vpc.aws_vpc.this",
            "module.vpc.aws_vpc_ipv4_cidr_block_association.this"
          ]
        }
      ]
    },
    {
      "module": "module.vpc",
      "mode": "managed",
      "type": "aws_route",
      "name": "private_nat_gateway",
      "provider": "provider[\"registry.terraform.io/hashicorp/aws\"]",
      "instances": [
        {
          "index_key": 0,
          "schema_version": 0,
          "attributes": {
            "carrier_gateway_id": "",
            "core_network_arn": "",
            "destination_cidr_block": "0.0.0.0/0",
            "destination_ipv6_cidr_block": "",
            "destination_prefix_list_id": "",
            "egress_only_gateway_id": "",
            "gateway_id": "",
            "id": "r-rtb-0b0bd694dfd513bdb1080289494",
            "instance_id": "",
            "instance_owner_id": "",
            "local_gateway_id": "",
            "nat_gateway_id": "nat-09ffacd1ebb4921e8",
            "network_interface_id": "",
            "origin": "CreateRoute",
            "route_table_id": "rtb-0b0bd694dfd513bdb",
            "state": "active",
            "timeouts": {
              "create": "5m",
              "delete": null,
              "update": null
            },
            "transit_gateway_id": "",
            "vpc_endpoint_id": "",
            "vpc_peering_connection_id": ""
          },
          "sensitive_attributes": [],
          "private": "eyJlMmJmYjczMC1lY2FhLTExZTYtOGY4OC0zNDM2M2JjN2M0YzAiOnsiY3JlYXRlIjozMDAwMDAwMDAwMDAsImRlbGV0ZSI6MzAwMDAwMDAwMDAwLCJ1cGRhdGUiOjEyMDAwMDAwMDAwMH19",
          "dependencies": [
            "module.vpc.aws_eip.nat",
            "module.vpc.aws_internet_gateway.this",
            "module.vpc.aws_nat_gateway.this",
            "module.vpc.aws_route_table.private",
            "module.vpc.aws_subnet.public",
            "module.vpc.aws_vpc.this",
            "module.vpc.aws_vpc_ipv4_cidr_block_association.this"
          ]
        },
        {
          "index_key": 1,
          "schema_version": 0,
          "attributes": {
            "carrier_gateway_id": "",
            "core_network_arn": "",
            "destination_cidr_block": "0.0.0.0/0",
            "destination_ipv6_cidr_block": "",
            "destination_prefix_list_id": "",
            "egress_only_gateway_id": "",
            "gateway_id": "",
            "id": "r-rtb-012c95c6263de984d1080289494",
            "instance_id": "",
            "instance_owner_id": "",
            "local_gateway_id": "",
            "nat_gateway_id": "nat-019b9177b0eb1402b",
            "network_interface_id": "",
            "origin": "CreateRoute",
            "route_table_id": "rtb-012c95c6263de984d",
            "state": "active",
            "timeouts": {
              "create": "5m",
              "delete": null,
              "update": null
            },
            "transit_gateway_id": "",
            "vpc_endpoint_id": "",
            "vpc_peering_connection_id": ""
          },
          "sensitive_attributes": [],
          "private": "eyJlMmJmYjczMC1lY2FhLTExZTYtOGY4OC0zNDM2M2JjN2M0YzAiOnsiY3JlYXRlIjozMDAwMDAwMDAwMDAsImRlbGV0ZSI6MzAwMDAwMDAwMDAwLCJ1cGRhdGUiOjEyMDAwMDAwMDAwMH19",
          "dependencies": [
            "module.vpc.aws_eip.nat",
            "module.vpc.aws_internet_gateway.this",
            "module.vpc.aws_nat_gateway.this",
            "module.vpc.aws_route_table.private",
            "module.vpc.aws_subnet.public",
            "module.vpc.aws_vpc.this",
            "module.vpc.aws_vpc_ipv4_cidr_block_association.this"
          ]
        }
      ]
    },
    {
      "module": "module.vpc",
      "mode": "managed",
      "type": "aws_route",
      "name": "public_internet_gateway",
      "provider": "provider[\"registry.terraform.io/hashicorp/aws\"]",
      "instances": [
        {
          "index_key": 0,
          "schema_version": 0,
          "attributes": {
            "carrier_gateway_id": "",
            "core_network_arn": "",
            "destination_cidr_block": "0.0.0.0/0",
            "destination_ipv6_cidr_block": "",
            "destination_prefix_list_id": "",
            "egress_only_gateway_id": "",
            "gateway_id": "igw-09230d72363e51179",
            "id": "r-rtb-038199a7860d597f51080289494",
            "instance_id": "",
            "instance_owner_id": "",
            "local_gateway_id": "",
            "nat_gateway_id": "",
            "network_interface_id": "",
            "origin": "CreateRoute",
            "route_table_id": "rtb-038199a7860d597f5",
            "state": "active",
            "timeouts": {
              "create": "5m",
              "delete": null,
              "update": null
            },
            "transit_gateway_id": "",
            "vpc_endpoint_id": "",
            "vpc_peering_connection_id": ""
          },
          "sensitive_attributes": [],
          "private": "eyJlMmJmYjczMC1lY2FhLTExZTYtOGY4OC0zNDM2M2JjN2M0YzAiOnsiY3JlYXRlIjozMDAwMDAwMDAwMDAsImRlbGV0ZSI6MzAwMDAwMDAwMDAwLCJ1cGRhdGUiOjEyMDAwMDAwMDAwMH19",
          "dependencies": [
            "module.vpc.aws_internet_gateway.this",
            "module.vpc.aws_route_table.public",
            "module.vpc.aws_vpc.this",
            "module.vpc.aws_vpc_ipv4_cidr_block_association.this"
          ]
        }
      ]
    },
    {
      "module": "module.vpc",
      "mode": "managed",
      "type": "aws_route_table",
      "name": "intra",
      "provider": "provider[\"registry.terraform.io/hashicorp/aws\"]",
      "instances": [
        {
          "index_key": 0,
          "schema_version": 0,
          "attributes": {
            "arn": "arn:aws:ec2:us-east-1:978244587858:route-table/rtb-0d80e7b264c9c86e6",
            "id": "rtb-0d80e7b264c9c86e6",
            "owner_id": "978244587858",
            "propagating_vgws": [],
            "route": [],
            "tags": {
              "Name": "wordpress-intra"
            },
            "tags_all": {
              "Name": "wordpress-intra"
            },
            "timeouts": null,
            "vpc_id": "vpc-0f48effbd2f459a06"
          },
          "sensitive_attributes": [],
          "private": "eyJlMmJmYjczMC1lY2FhLTExZTYtOGY4OC0zNDM2M2JjN2M0YzAiOnsiY3JlYXRlIjozMDAwMDAwMDAwMDAsImRlbGV0ZSI6MzAwMDAwMDAwMDAwLCJ1cGRhdGUiOjEyMDAwMDAwMDAwMH19",
          "dependencies": [
            "module.vpc.aws_vpc.this",
            "module.vpc.aws_vpc_ipv4_cidr_block_association.this"
          ]
        }
      ]
    },
    {
      "module": "module.vpc",
      "mode": "managed",
      "type": "aws_route_table",
      "name": "private",
      "provider": "provider[\"registry.terraform.io/hashicorp/aws\"]",
      "instances": [
        {
          "index_key": 0,
          "schema_version": 0,
          "attributes": {
            "arn": "arn:aws:ec2:us-east-1:978244587858:route-table/rtb-0b0bd694dfd513bdb",
            "id": "rtb-0b0bd694dfd513bdb",
            "owner_id": "978244587858",
            "propagating_vgws": [],
            "route": [],
            "tags": {
              "Name": "wordpress-private-us-east-1a"
            },
            "tags_all": {
              "Name": "wordpress-private-us-east-1a"
            },
            "timeouts": null,
            "vpc_id": "vpc-0f48effbd2f459a06"
          },
          "sensitive_attributes": [],
          "private": "eyJlMmJmYjczMC1lY2FhLTExZTYtOGY4OC0zNDM2M2JjN2M0YzAiOnsiY3JlYXRlIjozMDAwMDAwMDAwMDAsImRlbGV0ZSI6MzAwMDAwMDAwMDAwLCJ1cGRhdGUiOjEyMDAwMDAwMDAwMH19",
          "dependencies": [
            "module.vpc.aws_vpc.this",
            "module.vpc.aws_vpc_ipv4_cidr_block_association.this"
          ]
        },
        {
          "index_key": 1,
          "schema_version": 0,
          "attributes": {
            "arn": "arn:aws:ec2:us-east-1:978244587858:route-table/rtb-012c95c6263de984d",
            "id": "rtb-012c95c6263de984d",
            "owner_id": "978244587858",
            "propagating_vgws": [],
            "route": [],
            "tags": {
              "Name": "wordpress-private-us-east-1b"
            },
            "tags_all": {
              "Name": "wordpress-private-us-east-1b"
            },
            "timeouts": null,
            "vpc_id": "vpc-0f48effbd2f459a06"
          },
          "sensitive_attributes": [],
          "private": "eyJlMmJmYjczMC1lY2FhLTExZTYtOGY4OC0zNDM2M2JjN2M0YzAiOnsiY3JlYXRlIjozMDAwMDAwMDAwMDAsImRlbGV0ZSI6MzAwMDAwMDAwMDAwLCJ1cGRhdGUiOjEyMDAwMDAwMDAwMH19",
          "dependencies": [
            "module.vpc.aws_vpc.this",
            "module.vpc.aws_vpc_ipv4_cidr_block_association.this"
          ]
        }
      ]
    },
    {
      "module": "module.vpc",
      "mode": "managed",
      "type": "aws_route_table",
      "name": "public",
      "provider": "provider[\"registry.terraform.io/hashicorp/aws\"]",
      "instances": [
        {
          "index_key": 0,
          "schema_version": 0,
          "attributes": {
            "arn": "arn:aws:ec2:us-east-1:978244587858:route-table/rtb-038199a7860d597f5",
            "id": "rtb-038199a7860d597f5",
            "owner_id": "978244587858",
            "propagating_vgws": [],
            "route": [],
            "tags": {
              "Name": "wordpress-public"
            },
            "tags_all": {
              "Name": "wordpress-public"
            },
            "timeouts": null,
            "vpc_id": "vpc-0f48effbd2f459a06"
          },
          "sensitive_attributes": [],
          "private": "eyJlMmJmYjczMC1lY2FhLTExZTYtOGY4OC0zNDM2M2JjN2M0YzAiOnsiY3JlYXRlIjozMDAwMDAwMDAwMDAsImRlbGV0ZSI6MzAwMDAwMDAwMDAwLCJ1cGRhdGUiOjEyMDAwMDAwMDAwMH19",
          "dependencies": [
            "module.vpc.aws_vpc.this",
            "module.vpc.aws_vpc_ipv4_cidr_block_association.this"
          ]
        }
      ]
    },
    {
      "module": "module.vpc",
      "mode": "managed",
      "type": "aws_route_table_association",
      "name": "database",
      "provider": "provider[\"registry.terraform.io/hashicorp/aws\"]",
      "instances": [
        {
          "index_key": 0,
          "schema_version": 0,
          "attributes": {
            "gateway_id": "",
            "id": "rtbassoc-0e9a72f02c5f85726",
            "route_table_id": "rtb-0b0bd694dfd513bdb",
            "subnet_id": "subnet-09b5e6f6b94464d52"
          },
          "sensitive_attributes": [],
          "private": "bnVsbA==",
          "dependencies": [
            "module.vpc.aws_route_table.database",
            "module.vpc.aws_route_table.private",
            "module.vpc.aws_subnet.database",
            "module.vpc.aws_vpc.this",
            "module.vpc.aws_vpc_ipv4_cidr_block_association.this"
          ]
        },
        {
          "index_key": 1,
          "schema_version": 0,
          "attributes": {
            "gateway_id": "",
            "id": "rtbassoc-0dfec05c8238d5305",
            "route_table_id": "rtb-012c95c6263de984d",
            "subnet_id": "subnet-007904792a90505d7"
          },
          "sensitive_attributes": [],
          "private": "bnVsbA==",
          "dependencies": [
            "module.vpc.aws_route_table.database",
            "module.vpc.aws_route_table.private",
            "module.vpc.aws_subnet.database",
            "module.vpc.aws_vpc.this",
            "module.vpc.aws_vpc_ipv4_cidr_block_association.this"
          ]
        }
      ]
    },
    {
      "module": "module.vpc",
      "mode": "managed",
      "type": "aws_route_table_association",
      "name": "intra",
      "provider": "provider[\"registry.terraform.io/hashicorp/aws\"]",
      "instances": [
        {
          "index_key": 0,
          "schema_version": 0,
          "attributes": {
            "gateway_id": "",
            "id": "rtbassoc-08602db381a041ac3",
            "route_table_id": "rtb-0d80e7b264c9c86e6",
            "subnet_id": "subnet-078c60e316e8f31cb"
          },
          "sensitive_attributes": [],
          "private": "bnVsbA==",
          "dependencies": [
            "module.vpc.aws_route_table.intra",
            "module.vpc.aws_subnet.intra",
            "module.vpc.aws_vpc.this",
            "module.vpc.aws_vpc_ipv4_cidr_block_association.this"
          ]
        },
        {
          "index_key": 1,
          "schema_version": 0,
          "attributes": {
            "gateway_id": "",
            "id": "rtbassoc-011a217b7369da112",
            "route_table_id": "rtb-0d80e7b264c9c86e6",
            "subnet_id": "subnet-05be5de812d281f5e"
          },
          "sensitive_attributes": [],
          "private": "bnVsbA==",
          "dependencies": [
            "module.vpc.aws_route_table.intra",
            "module.vpc.aws_subnet.intra",
            "module.vpc.aws_vpc.this",
            "module.vpc.aws_vpc_ipv4_cidr_block_association.this"
          ]
        }
      ]
    },
    {
      "module": "module.vpc",
      "mode": "managed",
      "type": "aws_route_table_association",
      "name": "private",
      "provider": "provider[\"registry.terraform.io/hashicorp/aws\"]",
      "instances": [
        {
          "index_key": 0,
          "schema_version": 0,
          "attributes": {
            "gateway_id": "",
            "id": "rtbassoc-01b0dd6cbe819f34a",
            "route_table_id": "rtb-0b0bd694dfd513bdb",
            "subnet_id": "subnet-077289770ac6e1a8e"
          },
          "sensitive_attributes": [],
          "private": "bnVsbA==",
          "dependencies": [
            "module.vpc.aws_route_table.private",
            "module.vpc.aws_subnet.private",
            "module.vpc.aws_vpc.this",
            "module.vpc.aws_vpc_ipv4_cidr_block_association.this"
          ]
        },
        {
          "index_key": 1,
          "schema_version": 0,
          "attributes": {
            "gateway_id": "",
            "id": "rtbassoc-05aba0fae127518c2",
            "route_table_id": "rtb-012c95c6263de984d",
            "subnet_id": "subnet-0c26fb9243d5c4ec6"
          },
          "sensitive_attributes": [],
          "private": "bnVsbA==",
          "dependencies": [
            "module.vpc.aws_route_table.private",
            "module.vpc.aws_subnet.private",
            "module.vpc.aws_vpc.this",
            "module.vpc.aws_vpc_ipv4_cidr_block_association.this"
          ]
        }
      ]
    },
    {
      "module": "module.vpc",
      "mode": "managed",
      "type": "aws_route_table_association",
      "name": "public",
      "provider": "provider[\"registry.terraform.io/hashicorp/aws\"]",
      "instances": [
        {
          "index_key": 0,
          "schema_version": 0,
          "attributes": {
            "gateway_id": "",
            "id": "rtbassoc-03fadb8cb8b585452",
            "route_table_id": "rtb-038199a7860d597f5",
            "subnet_id": "subnet-0f0bc342c1779bd22"
          },
          "sensitive_attributes": [],
          "private": "bnVsbA==",
          "dependencies": [
            "module.vpc.aws_route_table.public",
            "module.vpc.aws_subnet.public",
            "module.vpc.aws_vpc.this",
            "module.vpc.aws_vpc_ipv4_cidr_block_association.this"
          ]
        },
        {
          "index_key": 1,
          "schema_version": 0,
          "attributes": {
            "gateway_id": "",
            "id": "rtbassoc-0b0dcc150f9bae5da",
            "route_table_id": "rtb-038199a7860d597f5",
            "subnet_id": "subnet-0e407597b1ef81be6"
          },
          "sensitive_attributes": [],
          "private": "bnVsbA==",
          "dependencies": [
            "module.vpc.aws_route_table.public",
            "module.vpc.aws_subnet.public",
            "module.vpc.aws_vpc.this",
            "module.vpc.aws_vpc_ipv4_cidr_block_association.this"
          ]
        }
      ]
    },
    {
      "module": "module.vpc",
      "mode": "managed",
      "type": "aws_subnet",
      "name": "database",
      "provider": "provider[\"registry.terraform.io/hashicorp/aws\"]",
      "instances": [
        {
          "index_key": 0,
          "schema_version": 1,
          "attributes": {
            "arn": "arn:aws:ec2:us-east-1:978244587858:subnet/subnet-09b5e6f6b94464d52",
            "assign_ipv6_address_on_creation": false,
            "availability_zone": "us-east-1a",
            "availability_zone_id": "use1-az1",
            "cidr_block": "10.0.6.0/24",
            "customer_owned_ipv4_pool": "",
            "enable_dns64": false,
            "enable_resource_name_dns_a_record_on_launch": false,
            "enable_resource_name_dns_aaaa_record_on_launch": false,
            "id": "subnet-09b5e6f6b94464d52",
            "ipv6_cidr_block": "",
            "ipv6_cidr_block_association_id": "",
            "ipv6_native": false,
            "map_customer_owned_ip_on_launch": false,
            "map_public_ip_on_launch": false,
            "outpost_arn": "",
            "owner_id": "978244587858",
            "private_dns_hostname_type_on_launch": "ip-name",
            "tags": {
              "Name": "wordpress-db-us-east-1a"
            },
            "tags_all": {
              "Name": "wordpress-db-us-east-1a"
            },
            "timeouts": null,
            "vpc_id": "vpc-0f48effbd2f459a06"
          },
          "sensitive_attributes": [],
          "private": "eyJlMmJmYjczMC1lY2FhLTExZTYtOGY4OC0zNDM2M2JjN2M0YzAiOnsiY3JlYXRlIjo2MDAwMDAwMDAwMDAsImRlbGV0ZSI6MTIwMDAwMDAwMDAwMH0sInNjaGVtYV92ZXJzaW9uIjoiMSJ9",
          "dependencies": [
            "module.vpc.aws_vpc.this",
            "module.vpc.aws_vpc_ipv4_cidr_block_association.this"
          ]
        },
        {
          "index_key": 1,
          "schema_version": 1,
          "attributes": {
            "arn": "arn:aws:ec2:us-east-1:978244587858:subnet/subnet-007904792a90505d7",
            "assign_ipv6_address_on_creation": false,
            "availability_zone": "us-east-1b",
            "availability_zone_id": "use1-az2",
            "cidr_block": "10.0.7.0/24",
            "customer_owned_ipv4_pool": "",
            "enable_dns64": false,
            "enable_resource_name_dns_a_record_on_launch": false,
            "enable_resource_name_dns_aaaa_record_on_launch": false,
            "id": "subnet-007904792a90505d7",
            "ipv6_cidr_block": "",
            "ipv6_cidr_block_association_id": "",
            "ipv6_native": false,
            "map_customer_owned_ip_on_launch": false,
            "map_public_ip_on_launch": false,
            "outpost_arn": "",
            "owner_id": "978244587858",
            "private_dns_hostname_type_on_launch": "ip-name",
            "tags": {
              "Name": "wordpress-db-us-east-1b"
            },
            "tags_all": {
              "Name": "wordpress-db-us-east-1b"
            },
            "timeouts": null,
            "vpc_id": "vpc-0f48effbd2f459a06"
          },
          "sensitive_attributes": [],
          "private": "eyJlMmJmYjczMC1lY2FhLTExZTYtOGY4OC0zNDM2M2JjN2M0YzAiOnsiY3JlYXRlIjo2MDAwMDAwMDAwMDAsImRlbGV0ZSI6MTIwMDAwMDAwMDAwMH0sInNjaGVtYV92ZXJzaW9uIjoiMSJ9",
          "dependencies": [
            "module.vpc.aws_vpc.this",
            "module.vpc.aws_vpc_ipv4_cidr_block_association.this"
          ]
        }
      ]
    },
    {
      "module": "module.vpc",
      "mode": "managed",
      "type": "aws_subnet",
      "name": "intra",
      "provider": "provider[\"registry.terraform.io/hashicorp/aws\"]",
      "instances": [
        {
          "index_key": 0,
          "schema_version": 1,
          "attributes": {
            "arn": "arn:aws:ec2:us-east-1:978244587858:subnet/subnet-078c60e316e8f31cb",
            "assign_ipv6_address_on_creation": false,
            "availability_zone": "us-east-1a",
            "availability_zone_id": "use1-az1",
            "cidr_block": "10.0.4.0/24",
            "customer_owned_ipv4_pool": "",
            "enable_dns64": false,
            "enable_resource_name_dns_a_record_on_launch": false,
            "enable_resource_name_dns_aaaa_record_on_launch": false,
            "id": "subnet-078c60e316e8f31cb",
            "ipv6_cidr_block": "",
            "ipv6_cidr_block_association_id": "",
            "ipv6_native": false,
            "map_customer_owned_ip_on_launch": false,
            "map_public_ip_on_launch": false,
            "outpost_arn": "",
            "owner_id": "978244587858",
            "private_dns_hostname_type_on_launch": "ip-name",
            "tags": {
              "Name": "wordpress-intra-us-east-1a"
            },
            "tags_all": {
              "Name": "wordpress-intra-us-east-1a"
            },
            "timeouts": null,
            "vpc_id": "vpc-0f48effbd2f459a06"
          },
          "sensitive_attributes": [],
          "private": "eyJlMmJmYjczMC1lY2FhLTExZTYtOGY4OC0zNDM2M2JjN2M0YzAiOnsiY3JlYXRlIjo2MDAwMDAwMDAwMDAsImRlbGV0ZSI6MTIwMDAwMDAwMDAwMH0sInNjaGVtYV92ZXJzaW9uIjoiMSJ9",
          "dependencies": [
            "module.vpc.aws_vpc.this",
            "module.vpc.aws_vpc_ipv4_cidr_block_association.this"
          ]
        },
        {
          "index_key": 1,
          "schema_version": 1,
          "attributes": {
            "arn": "arn:aws:ec2:us-east-1:978244587858:subnet/subnet-05be5de812d281f5e",
            "assign_ipv6_address_on_creation": false,
            "availability_zone": "us-east-1b",
            "availability_zone_id": "use1-az2",
            "cidr_block": "10.0.5.0/24",
            "customer_owned_ipv4_pool": "",
            "enable_dns64": false,
            "enable_resource_name_dns_a_record_on_launch": false,
            "enable_resource_name_dns_aaaa_record_on_launch": false,
            "id": "subnet-05be5de812d281f5e",
            "ipv6_cidr_block": "",
            "ipv6_cidr_block_association_id": "",
            "ipv6_native": false,
            "map_customer_owned_ip_on_launch": false,
            "map_public_ip_on_launch": false,
            "outpost_arn": "",
            "owner_id": "978244587858",
            "private_dns_hostname_type_on_launch": "ip-name",
            "tags": {
              "Name": "wordpress-intra-us-east-1b"
            },
            "tags_all": {
              "Name": "wordpress-intra-us-east-1b"
            },
            "timeouts": null,
            "vpc_id": "vpc-0f48effbd2f459a06"
          },
          "sensitive_attributes": [],
          "private": "eyJlMmJmYjczMC1lY2FhLTExZTYtOGY4OC0zNDM2M2JjN2M0YzAiOnsiY3JlYXRlIjo2MDAwMDAwMDAwMDAsImRlbGV0ZSI6MTIwMDAwMDAwMDAwMH0sInNjaGVtYV92ZXJzaW9uIjoiMSJ9",
          "dependencies": [
            "module.vpc.aws_vpc.this",
            "module.vpc.aws_vpc_ipv4_cidr_block_association.this"
          ]
        }
      ]
    },
    {
      "module": "module.vpc",
      "mode": "managed",
      "type": "aws_subnet",
      "name": "private",
      "provider": "provider[\"registry.terraform.io/hashicorp/aws\"]",
      "instances": [
        {
          "index_key": 0,
          "schema_version": 1,
          "attributes": {
            "arn": "arn:aws:ec2:us-east-1:978244587858:subnet/subnet-077289770ac6e1a8e",
            "assign_ipv6_address_on_creation": false,
            "availability_zone": "us-east-1a",
            "availability_zone_id": "use1-az1",
            "cidr_block": "10.0.2.0/24",
            "customer_owned_ipv4_pool": "",
            "enable_dns64": false,
            "enable_resource_name_dns_a_record_on_launch": false,
            "enable_resource_name_dns_aaaa_record_on_launch": false,
            "id": "subnet-077289770ac6e1a8e",
            "ipv6_cidr_block": "",
            "ipv6_cidr_block_association_id": "",
            "ipv6_native": false,
            "map_customer_owned_ip_on_launch": false,
            "map_public_ip_on_launch": false,
            "outpost_arn": "",
            "owner_id": "978244587858",
            "private_dns_hostname_type_on_launch": "ip-name",
            "tags": {
              "Name": "wordpress-private-us-east-1a"
            },
            "tags_all": {
              "Name": "wordpress-private-us-east-1a"
            },
            "timeouts": null,
            "vpc_id": "vpc-0f48effbd2f459a06"
          },
          "sensitive_attributes": [],
          "private": "eyJlMmJmYjczMC1lY2FhLTExZTYtOGY4OC0zNDM2M2JjN2M0YzAiOnsiY3JlYXRlIjo2MDAwMDAwMDAwMDAsImRlbGV0ZSI6MTIwMDAwMDAwMDAwMH0sInNjaGVtYV92ZXJzaW9uIjoiMSJ9",
          "dependencies": [
            "module.vpc.aws_vpc.this",
            "module.vpc.aws_vpc_ipv4_cidr_block_association.this"
          ]
        },
        {
          "index_key": 1,
          "schema_version": 1,
          "attributes": {
            "arn": "arn:aws:ec2:us-east-1:978244587858:subnet/subnet-0c26fb9243d5c4ec6",
            "assign_ipv6_address_on_creation": false,
            "availability_zone": "us-east-1b",
            "availability_zone_id": "use1-az2",
            "cidr_block": "10.0.3.0/24",
            "customer_owned_ipv4_pool": "",
            "enable_dns64": false,
            "enable_resource_name_dns_a_record_on_launch": false,
            "enable_resource_name_dns_aaaa_record_on_launch": false,
            "id": "subnet-0c26fb9243d5c4ec6",
            "ipv6_cidr_block": "",
            "ipv6_cidr_block_association_id": "",
            "ipv6_native": false,
            "map_customer_owned_ip_on_launch": false,
            "map_public_ip_on_launch": false,
            "outpost_arn": "",
            "owner_id": "978244587858",
            "private_dns_hostname_type_on_launch": "ip-name",
            "tags": {
              "Name": "wordpress-private-us-east-1b"
            },
            "tags_all": {
              "Name": "wordpress-private-us-east-1b"
            },
            "timeouts": null,
            "vpc_id": "vpc-0f48effbd2f459a06"
          },
          "sensitive_attributes": [],
          "private": "eyJlMmJmYjczMC1lY2FhLTExZTYtOGY4OC0zNDM2M2JjN2M0YzAiOnsiY3JlYXRlIjo2MDAwMDAwMDAwMDAsImRlbGV0ZSI6MTIwMDAwMDAwMDAwMH0sInNjaGVtYV92ZXJzaW9uIjoiMSJ9",
          "dependencies": [
            "module.vpc.aws_vpc.this",
            "module.vpc.aws_vpc_ipv4_cidr_block_association.this"
          ]
        }
      ]
    },
    {
      "module": "module.vpc",
      "mode": "managed",
      "type": "aws_subnet",
      "name": "public",
      "provider": "provider[\"registry.terraform.io/hashicorp/aws\"]",
      "instances": [
        {
          "index_key": 0,
          "schema_version": 1,
          "attributes": {
            "arn": "arn:aws:ec2:us-east-1:978244587858:subnet/subnet-0f0bc342c1779bd22",
            "assign_ipv6_address_on_creation": false,
            "availability_zone": "us-east-1a",
            "availability_zone_id": "use1-az1",
            "cidr_block": "10.0.0.0/24",
            "customer_owned_ipv4_pool": "",
            "enable_dns64": false,
            "enable_resource_name_dns_a_record_on_launch": false,
            "enable_resource_name_dns_aaaa_record_on_launch": false,
            "id": "subnet-0f0bc342c1779bd22",
            "ipv6_cidr_block": "",
            "ipv6_cidr_block_association_id": "",
            "ipv6_native": false,
            "map_customer_owned_ip_on_launch": false,
            "map_public_ip_on_launch": true,
            "outpost_arn": "",
            "owner_id": "978244587858",
            "private_dns_hostname_type_on_launch": "ip-name",
            "tags": {
              "Name": "wordpress-public-us-east-1a"
            },
            "tags_all": {
              "Name": "wordpress-public-us-east-1a"
            },
            "timeouts": null,
            "vpc_id": "vpc-0f48effbd2f459a06"
          },
          "sensitive_attributes": [],
          "private": "eyJlMmJmYjczMC1lY2FhLTExZTYtOGY4OC0zNDM2M2JjN2M0YzAiOnsiY3JlYXRlIjo2MDAwMDAwMDAwMDAsImRlbGV0ZSI6MTIwMDAwMDAwMDAwMH0sInNjaGVtYV92ZXJzaW9uIjoiMSJ9",
          "dependencies": [
            "module.vpc.aws_vpc.this",
            "module.vpc.aws_vpc_ipv4_cidr_block_association.this"
          ]
        },
        {
          "index_key": 1,
          "schema_version": 1,
          "attributes": {
            "arn": "arn:aws:ec2:us-east-1:978244587858:subnet/subnet-0e407597b1ef81be6",
            "assign_ipv6_address_on_creation": false,
            "availability_zone": "us-east-1b",
            "availability_zone_id": "use1-az2",
            "cidr_block": "10.0.1.0/24",
            "customer_owned_ipv4_pool": "",
            "enable_dns64": false,
            "enable_resource_name_dns_a_record_on_launch": false,
            "enable_resource_name_dns_aaaa_record_on_launch": false,
            "id": "subnet-0e407597b1ef81be6",
            "ipv6_cidr_block": "",
            "ipv6_cidr_block_association_id": "",
            "ipv6_native": false,
            "map_customer_owned_ip_on_launch": false,
            "map_public_ip_on_launch": true,
            "outpost_arn": "",
            "owner_id": "978244587858",
            "private_dns_hostname_type_on_launch": "ip-name",
            "tags": {
              "Name": "wordpress-public-us-east-1b"
            },
            "tags_all": {
              "Name": "wordpress-public-us-east-1b"
            },
            "timeouts": null,
            "vpc_id": "vpc-0f48effbd2f459a06"
          },
          "sensitive_attributes": [],
          "private": "eyJlMmJmYjczMC1lY2FhLTExZTYtOGY4OC0zNDM2M2JjN2M0YzAiOnsiY3JlYXRlIjo2MDAwMDAwMDAwMDAsImRlbGV0ZSI6MTIwMDAwMDAwMDAwMH0sInNjaGVtYV92ZXJzaW9uIjoiMSJ9",
          "dependencies": [
            "module.vpc.aws_vpc.this",
            "module.vpc.aws_vpc_ipv4_cidr_block_association.this"
          ]
        }
      ]
    },
    {
      "module": "module.vpc",
      "mode": "managed",
      "type": "aws_vpc",
      "name": "this",
      "provider": "provider[\"registry.terraform.io/hashicorp/aws\"]",
      "instances": [
        {
          "index_key": 0,
          "schema_version": 1,
          "attributes": {
            "arn": "arn:aws:ec2:us-east-1:978244587858:vpc/vpc-0f48effbd2f459a06",
            "assign_generated_ipv6_cidr_block": false,
            "cidr_block": "10.0.0.0/16",
            "default_network_acl_id": "acl-03aa52774e7361225",
            "default_route_table_id": "rtb-0d85f6cd9e11d1a3c",
            "default_security_group_id": "sg-0aa5edd6b6e041b0c",
            "dhcp_options_id": "dopt-06fd3708540bccd54",
            "enable_classiclink": false,
            "enable_classiclink_dns_support": false,
            "enable_dns_hostnames": true,
            "enable_dns_support": true,
            "enable_network_address_usage_metrics": false,
            "id": "vpc-0f48effbd2f459a06",
            "instance_tenancy": "default",
            "ipv4_ipam_pool_id": null,
            "ipv4_netmask_length": null,
            "ipv6_association_id": "",
            "ipv6_cidr_block": "",
            "ipv6_cidr_block_network_border_group": "",
            "ipv6_ipam_pool_id": "",
            "ipv6_netmask_length": 0,
            "main_route_table_id": "rtb-0d85f6cd9e11d1a3c",
            "owner_id": "978244587858",
            "tags": {
              "Name": "wordpress"
            },
            "tags_all": {
              "Name": "wordpress"
            }
          },
          "sensitive_attributes": [],
          "private": "eyJzY2hlbWFfdmVyc2lvbiI6IjEifQ=="
        }
      ]
    }
  ]
}
